// !$*UTF8*$!
{
	archiveVersion = 1;
	classes = {
	};
	objectVersion = 56;
	objects = {

/* Begin PBXBuildFile section */
		8983D995294A14CD00FFAE1D /* appConstants.swift in Sources */ = {isa = PBXBuildFile; fileRef = 8983D994294A14CD00FFAE1D /* appConstants.swift */; };
		898EFFA6294D99F900BCEF4A /* appOperations.swift in Sources */ = {isa = PBXBuildFile; fileRef = 898EFFA5294D99F900BCEF4A /* appOperations.swift */; };
		898EFFA8294DC01900BCEF4A /* swipeActions.swift in Sources */ = {isa = PBXBuildFile; fileRef = 898EFFA7294DC01900BCEF4A /* swipeActions.swift */; };
		899A4760295231CC0017CC7E /* StartViewController.swift in Sources */ = {isa = PBXBuildFile; fileRef = 899A475F295231CC0017CC7E /* StartViewController.swift */; };
		899A4763295239590017CC7E /* nfornest.mp3 in Resources */ = {isa = PBXBuildFile; fileRef = 899A4761295239590017CC7E /* nfornest.mp3 */; };
		899A4764295239590017CC7E /* pforparrot.mp3 in Resources */ = {isa = PBXBuildFile; fileRef = 899A4762295239590017CC7E /* pforparrot.mp3 */; };
		89A03FDC2950671900E5914C /* aforapple.mp3 in Resources */ = {isa = PBXBuildFile; fileRef = 89A03FC22950671900E5914C /* aforapple.mp3 */; };
		89A03FDD2950671900E5914C /* dfordog.mp3 in Resources */ = {isa = PBXBuildFile; fileRef = 89A03FC32950671900E5914C /* dfordog.mp3 */; };
		89A03FDE2950671900E5914C /* gforgoat.mp3 in Resources */ = {isa = PBXBuildFile; fileRef = 89A03FC42950671900E5914C /* gforgoat.mp3 */; };
		89A03FE02950671900E5914C /* jforjuice.mp3 in Resources */ = {isa = PBXBuildFile; fileRef = 89A03FC62950671900E5914C /* jforjuice.mp3 */; };
		89A03FE12950671900E5914C /* hforhorse.mp3 in Resources */ = {isa = PBXBuildFile; fileRef = 89A03FC72950671900E5914C /* hforhorse.mp3 */; };
		89A03FE22950671900E5914C /* tfortiger.mp3 in Resources */ = {isa = PBXBuildFile; fileRef = 89A03FC82950671900E5914C /* tfortiger.mp3 */; };
		89A03FE32950671900E5914C /* kforkite.mp3 in Resources */ = {isa = PBXBuildFile; fileRef = 89A03FC92950671900E5914C /* kforkite.mp3 */; };
		89A03FE42950671900E5914C /* vforvan.mp3 in Resources */ = {isa = PBXBuildFile; fileRef = 89A03FCA2950671900E5914C /* vforvan.mp3 */; };
		89A03FE52950671900E5914C /* eforelephant.mp3 in Resources */ = {isa = PBXBuildFile; fileRef = 89A03FCB2950671900E5914C /* eforelephant.mp3 */; };
		89A03FE62950671900E5914C /* mformonkey.mp3 in Resources */ = {isa = PBXBuildFile; fileRef = 89A03FCC2950671900E5914C /* mformonkey.mp3 */; };
		89A03FE72950671900E5914C /* bforball.mp3 in Resources */ = {isa = PBXBuildFile; fileRef = 89A03FCD2950671900E5914C /* bforball.mp3 */; };
		89A03FE82950671900E5914C /* qforqueen.mp3 in Resources */ = {isa = PBXBuildFile; fileRef = 89A03FCE2950671900E5914C /* qforqueen.mp3 */; };
		89A03FE92950671900E5914C /* uforumbrella.mp3 in Resources */ = {isa = PBXBuildFile; fileRef = 89A03FCF2950671900E5914C /* uforumbrella.mp3 */; };
		89A03FEA2950671900E5914C /* lforlion.mp3 in Resources */ = {isa = PBXBuildFile; fileRef = 89A03FD02950671900E5914C /* lforlion.mp3 */; };
		89A03FEB2950671900E5914C /* iforice.mp3 in Resources */ = {isa = PBXBuildFile; fileRef = 89A03FD12950671900E5914C /* iforice.mp3 */; };
		89A03FEC2950671900E5914C /* cforcat.mp3 in Resources */ = {isa = PBXBuildFile; fileRef = 89A03FD22950671900E5914C /* cforcat.mp3 */; };
		89A03FEE2950671900E5914C /* rforrabbit.mp3 in Resources */ = {isa = PBXBuildFile; fileRef = 89A03FD42950671900E5914C /* rforrabbit.mp3 */; };
		89A03FEF2950671900E5914C /* yforyak.mp3 in Resources */ = {isa = PBXBuildFile; fileRef = 89A03FD52950671900E5914C /* yforyak.mp3 */; };
		89A03FF02950671900E5914C /* zforzebra.mp3 in Resources */ = {isa = PBXBuildFile; fileRef = 89A03FD62950671900E5914C /* zforzebra.mp3 */; };
		89A03FF12950671900E5914C /* xforxylophone.mp3 in Resources */ = {isa = PBXBuildFile; fileRef = 89A03FD72950671900E5914C /* xforxylophone.mp3 */; };
		89A03FF22950671900E5914C /* wforwater.mp3 in Resources */ = {isa = PBXBuildFile; fileRef = 89A03FD82950671900E5914C /* wforwater.mp3 */; };
		89A03FF32950671900E5914C /* fforfish.mp3 in Resources */ = {isa = PBXBuildFile; fileRef = 89A03FD92950671900E5914C /* fforfish.mp3 */; };
		89A03FF42950671900E5914C /* sforsun.mp3 in Resources */ = {isa = PBXBuildFile; fileRef = 89A03FDA2950671900E5914C /* sforsun.mp3 */; };
		89A03FF52950671900E5914C /* ofororange.mp3 in Resources */ = {isa = PBXBuildFile; fileRef = 89A03FDB2950671900E5914C /* ofororange.mp3 */; };
		89C19214294725480092A233 /* AppDelegate.swift in Sources */ = {isa = PBXBuildFile; fileRef = 89C19213294725480092A233 /* AppDelegate.swift */; };
		89C19216294725480092A233 /* SceneDelegate.swift in Sources */ = {isa = PBXBuildFile; fileRef = 89C19215294725480092A233 /* SceneDelegate.swift */; };
		89C19218294725480092A233 /* AbcViewController.swift in Sources */ = {isa = PBXBuildFile; fileRef = 89C19217294725480092A233 /* AbcViewController.swift */; };
		89C1921B294725480092A233 /* Main.storyboard in Resources */ = {isa = PBXBuildFile; fileRef = 89C19219294725480092A233 /* Main.storyboard */; };
		89C1921D2947254A0092A233 /* Assets.xcassets in Resources */ = {isa = PBXBuildFile; fileRef = 89C1921C2947254A0092A233 /* Assets.xcassets */; };
		89C192202947254A0092A233 /* LaunchScreen.storyboard in Resources */ = {isa = PBXBuildFile; fileRef = 89C1921E2947254A0092A233 /* LaunchScreen.storyboard */; };
		89C1922B2947254A0092A233 /* AbcTests.swift in Sources */ = {isa = PBXBuildFile; fileRef = 89C1922A2947254A0092A233 /* AbcTests.swift */; };
		89C192352947254A0092A233 /* AbcUITests.swift in Sources */ = {isa = PBXBuildFile; fileRef = 89C192342947254A0092A233 /* AbcUITests.swift */; };
		89C192372947254A0092A233 /* AbcUITestsLaunchTests.swift in Sources */ = {isa = PBXBuildFile; fileRef = 89C192362947254A0092A233 /* AbcUITestsLaunchTests.swift */; };
		89C27026295606ED0002DAE5 /* A.wav in Resources */ = {isa = PBXBuildFile; fileRef = 89C2700C295606ED0002DAE5 /* A.wav */; };
		89C27027295606ED0002DAE5 /* R.wav in Resources */ = {isa = PBXBuildFile; fileRef = 89C2700D295606ED0002DAE5 /* R.wav */; };
		89C27028295606ED0002DAE5 /* I.wav in Resources */ = {isa = PBXBuildFile; fileRef = 89C2700E295606ED0002DAE5 /* I.wav */; };
		89C27029295606ED0002DAE5 /* N.wav in Resources */ = {isa = PBXBuildFile; fileRef = 89C2700F295606ED0002DAE5 /* N.wav */; };
		89C2702A295606ED0002DAE5 /* Y.wav in Resources */ = {isa = PBXBuildFile; fileRef = 89C27010295606ED0002DAE5 /* Y.wav */; };
		89C2702B295606ED0002DAE5 /* E.wav in Resources */ = {isa = PBXBuildFile; fileRef = 89C27011295606ED0002DAE5 /* E.wav */; };
		89C2702C295606ED0002DAE5 /* S.wav in Resources */ = {isa = PBXBuildFile; fileRef = 89C27012295606ED0002DAE5 /* S.wav */; };
		89C2702D295606ED0002DAE5 /* B.wav in Resources */ = {isa = PBXBuildFile; fileRef = 89C27013295606ED0002DAE5 /* B.wav */; };
		89C2702E295606ED0002DAE5 /* V.wav in Resources */ = {isa = PBXBuildFile; fileRef = 89C27014295606ED0002DAE5 /* V.wav */; };
		89C2702F295606ED0002DAE5 /* P.wav in Resources */ = {isa = PBXBuildFile; fileRef = 89C27015295606ED0002DAE5 /* P.wav */; };
		89C27030295606ED0002DAE5 /* J.wav in Resources */ = {isa = PBXBuildFile; fileRef = 89C27016295606ED0002DAE5 /* J.wav */; };
		89C27031295606ED0002DAE5 /* T.wav in Resources */ = {isa = PBXBuildFile; fileRef = 89C27017295606ED0002DAE5 /* T.wav */; };
		89C27032295606ED0002DAE5 /* G.wav in Resources */ = {isa = PBXBuildFile; fileRef = 89C27018295606ED0002DAE5 /* G.wav */; };
		89C27033295606ED0002DAE5 /* D.wav in Resources */ = {isa = PBXBuildFile; fileRef = 89C27019295606ED0002DAE5 /* D.wav */; };
		89C27034295606ED0002DAE5 /* F.wav in Resources */ = {isa = PBXBuildFile; fileRef = 89C2701A295606ED0002DAE5 /* F.wav */; };
		89C27035295606ED0002DAE5 /* C.wav in Resources */ = {isa = PBXBuildFile; fileRef = 89C2701B295606ED0002DAE5 /* C.wav */; };
		89C27036295606ED0002DAE5 /* U.wav in Resources */ = {isa = PBXBuildFile; fileRef = 89C2701C295606ED0002DAE5 /* U.wav */; };
		89C27037295606ED0002DAE5 /* X.wav in Resources */ = {isa = PBXBuildFile; fileRef = 89C2701D295606ED0002DAE5 /* X.wav */; };
		89C27038295606ED0002DAE5 /* O.wav in Resources */ = {isa = PBXBuildFile; fileRef = 89C2701E295606ED0002DAE5 /* O.wav */; };
		89C27039295606ED0002DAE5 /* L.wav in Resources */ = {isa = PBXBuildFile; fileRef = 89C2701F295606ED0002DAE5 /* L.wav */; };
		89C2703A295606ED0002DAE5 /* W.wav in Resources */ = {isa = PBXBuildFile; fileRef = 89C27020295606ED0002DAE5 /* W.wav */; };
		89C2703B295606ED0002DAE5 /* K.wav in Resources */ = {isa = PBXBuildFile; fileRef = 89C27021295606ED0002DAE5 /* K.wav */; };
		89C2703C295606ED0002DAE5 /* Z.wav in Resources */ = {isa = PBXBuildFile; fileRef = 89C27022295606ED0002DAE5 /* Z.wav */; };
		89C2703D295606ED0002DAE5 /* M.wav in Resources */ = {isa = PBXBuildFile; fileRef = 89C27023295606ED0002DAE5 /* M.wav */; };
		89C2703E295606ED0002DAE5 /* Q.wav in Resources */ = {isa = PBXBuildFile; fileRef = 89C27024295606ED0002DAE5 /* Q.wav */; };
		89C2703F295606ED0002DAE5 /* H.wav in Resources */ = {isa = PBXBuildFile; fileRef = 89C27025295606ED0002DAE5 /* H.wav */; };
		89D4F7832954DD2C005D846D /* Level1ViewController.swift in Sources */ = {isa = PBXBuildFile; fileRef = 89D4F7822954DD2C005D846D /* Level1ViewController.swift */; };
/* End PBXBuildFile section */

/* Begin PBXContainerItemProxy section */
		89C192272947254A0092A233 /* PBXContainerItemProxy */ = {
			isa = PBXContainerItemProxy;
			containerPortal = 89C19208294725480092A233 /* Project object */;
			proxyType = 1;
			remoteGlobalIDString = 89C1920F294725480092A233;
			remoteInfo = Abc;
		};
		89C192312947254A0092A233 /* PBXContainerItemProxy */ = {
			isa = PBXContainerItemProxy;
			containerPortal = 89C19208294725480092A233 /* Project object */;
			proxyType = 1;
			remoteGlobalIDString = 89C1920F294725480092A233;
			remoteInfo = Abc;
		};
/* End PBXContainerItemProxy section */

/* Begin PBXFileReference section */
		8983D994294A14CD00FFAE1D /* appConstants.swift */ = {isa = PBXFileReference; lastKnownFileType = sourcecode.swift; path = appConstants.swift; sourceTree = "<group>"; };
		898EFFA5294D99F900BCEF4A /* appOperations.swift */ = {isa = PBXFileReference; lastKnownFileType = sourcecode.swift; path = appOperations.swift; sourceTree = "<group>"; };
		898EFFA7294DC01900BCEF4A /* swipeActions.swift */ = {isa = PBXFileReference; lastKnownFileType = sourcecode.swift; path = swipeActions.swift; sourceTree = "<group>"; };
		899A475F295231CC0017CC7E /* StartViewController.swift */ = {isa = PBXFileReference; lastKnownFileType = sourcecode.swift; path = StartViewController.swift; sourceTree = "<group>"; };
		899A4761295239590017CC7E /* nfornest.mp3 */ = {isa = PBXFileReference; lastKnownFileType = audio.mp3; path = nfornest.mp3; sourceTree = "<group>"; };
		899A4762295239590017CC7E /* pforparrot.mp3 */ = {isa = PBXFileReference; lastKnownFileType = audio.mp3; path = pforparrot.mp3; sourceTree = "<group>"; };
		89A03FC22950671900E5914C /* aforapple.mp3 */ = {isa = PBXFileReference; lastKnownFileType = audio.mp3; path = aforapple.mp3; sourceTree = "<group>"; };
		89A03FC32950671900E5914C /* dfordog.mp3 */ = {isa = PBXFileReference; lastKnownFileType = audio.mp3; path = dfordog.mp3; sourceTree = "<group>"; };
		89A03FC42950671900E5914C /* gforgoat.mp3 */ = {isa = PBXFileReference; lastKnownFileType = audio.mp3; path = gforgoat.mp3; sourceTree = "<group>"; };
		89A03FC62950671900E5914C /* jforjuice.mp3 */ = {isa = PBXFileReference; lastKnownFileType = audio.mp3; path = jforjuice.mp3; sourceTree = "<group>"; };
		89A03FC72950671900E5914C /* hforhorse.mp3 */ = {isa = PBXFileReference; lastKnownFileType = audio.mp3; path = hforhorse.mp3; sourceTree = "<group>"; };
		89A03FC82950671900E5914C /* tfortiger.mp3 */ = {isa = PBXFileReference; lastKnownFileType = audio.mp3; path = tfortiger.mp3; sourceTree = "<group>"; };
		89A03FC92950671900E5914C /* kforkite.mp3 */ = {isa = PBXFileReference; lastKnownFileType = audio.mp3; path = kforkite.mp3; sourceTree = "<group>"; };
		89A03FCA2950671900E5914C /* vforvan.mp3 */ = {isa = PBXFileReference; lastKnownFileType = audio.mp3; path = vforvan.mp3; sourceTree = "<group>"; };
		89A03FCB2950671900E5914C /* eforelephant.mp3 */ = {isa = PBXFileReference; lastKnownFileType = audio.mp3; path = eforelephant.mp3; sourceTree = "<group>"; };
		89A03FCC2950671900E5914C /* mformonkey.mp3 */ = {isa = PBXFileReference; lastKnownFileType = audio.mp3; path = mformonkey.mp3; sourceTree = "<group>"; };
		89A03FCD2950671900E5914C /* bforball.mp3 */ = {isa = PBXFileReference; lastKnownFileType = audio.mp3; path = bforball.mp3; sourceTree = "<group>"; };
		89A03FCE2950671900E5914C /* qforqueen.mp3 */ = {isa = PBXFileReference; lastKnownFileType = audio.mp3; path = qforqueen.mp3; sourceTree = "<group>"; };
		89A03FCF2950671900E5914C /* uforumbrella.mp3 */ = {isa = PBXFileReference; lastKnownFileType = audio.mp3; path = uforumbrella.mp3; sourceTree = "<group>"; };
		89A03FD02950671900E5914C /* lforlion.mp3 */ = {isa = PBXFileReference; lastKnownFileType = audio.mp3; path = lforlion.mp3; sourceTree = "<group>"; };
		89A03FD12950671900E5914C /* iforice.mp3 */ = {isa = PBXFileReference; lastKnownFileType = audio.mp3; path = iforice.mp3; sourceTree = "<group>"; };
		89A03FD22950671900E5914C /* cforcat.mp3 */ = {isa = PBXFileReference; lastKnownFileType = audio.mp3; path = cforcat.mp3; sourceTree = "<group>"; };
		89A03FD42950671900E5914C /* rforrabbit.mp3 */ = {isa = PBXFileReference; lastKnownFileType = audio.mp3; path = rforrabbit.mp3; sourceTree = "<group>"; };
		89A03FD52950671900E5914C /* yforyak.mp3 */ = {isa = PBXFileReference; lastKnownFileType = audio.mp3; path = yforyak.mp3; sourceTree = "<group>"; };
		89A03FD62950671900E5914C /* zforzebra.mp3 */ = {isa = PBXFileReference; lastKnownFileType = audio.mp3; path = zforzebra.mp3; sourceTree = "<group>"; };
		89A03FD72950671900E5914C /* xforxylophone.mp3 */ = {isa = PBXFileReference; lastKnownFileType = audio.mp3; path = xforxylophone.mp3; sourceTree = "<group>"; };
		89A03FD82950671900E5914C /* wforwater.mp3 */ = {isa = PBXFileReference; lastKnownFileType = audio.mp3; path = wforwater.mp3; sourceTree = "<group>"; };
		89A03FD92950671900E5914C /* fforfish.mp3 */ = {isa = PBXFileReference; lastKnownFileType = audio.mp3; path = fforfish.mp3; sourceTree = "<group>"; };
		89A03FDA2950671900E5914C /* sforsun.mp3 */ = {isa = PBXFileReference; lastKnownFileType = audio.mp3; path = sforsun.mp3; sourceTree = "<group>"; };
		89A03FDB2950671900E5914C /* ofororange.mp3 */ = {isa = PBXFileReference; lastKnownFileType = audio.mp3; path = ofororange.mp3; sourceTree = "<group>"; };
		89C19210294725480092A233 /* Abc.app */ = {isa = PBXFileReference; explicitFileType = wrapper.application; includeInIndex = 0; path = Abc.app; sourceTree = BUILT_PRODUCTS_DIR; };
		89C19213294725480092A233 /* AppDelegate.swift */ = {isa = PBXFileReference; lastKnownFileType = sourcecode.swift; path = AppDelegate.swift; sourceTree = "<group>"; };
		89C19215294725480092A233 /* SceneDelegate.swift */ = {isa = PBXFileReference; lastKnownFileType = sourcecode.swift; path = SceneDelegate.swift; sourceTree = "<group>"; };
		89C19217294725480092A233 /* AbcViewController.swift */ = {isa = PBXFileReference; lastKnownFileType = sourcecode.swift; path = AbcViewController.swift; sourceTree = "<group>"; usesTabs = 0; };
		89C1921A294725480092A233 /* Base */ = {isa = PBXFileReference; lastKnownFileType = file.storyboard; name = Base; path = Base.lproj/Main.storyboard; sourceTree = "<group>"; };
		89C1921C2947254A0092A233 /* Assets.xcassets */ = {isa = PBXFileReference; lastKnownFileType = folder.assetcatalog; path = Assets.xcassets; sourceTree = "<group>"; };
		89C1921F2947254A0092A233 /* Base */ = {isa = PBXFileReference; lastKnownFileType = file.storyboard; name = Base; path = Base.lproj/LaunchScreen.storyboard; sourceTree = "<group>"; };
		89C192212947254A0092A233 /* Info.plist */ = {isa = PBXFileReference; lastKnownFileType = text.plist.xml; path = Info.plist; sourceTree = "<group>"; };
		89C192262947254A0092A233 /* AbcTests.xctest */ = {isa = PBXFileReference; explicitFileType = wrapper.cfbundle; includeInIndex = 0; path = AbcTests.xctest; sourceTree = BUILT_PRODUCTS_DIR; };
		89C1922A2947254A0092A233 /* AbcTests.swift */ = {isa = PBXFileReference; lastKnownFileType = sourcecode.swift; path = AbcTests.swift; sourceTree = "<group>"; };
		89C192302947254A0092A233 /* AbcUITests.xctest */ = {isa = PBXFileReference; explicitFileType = wrapper.cfbundle; includeInIndex = 0; path = AbcUITests.xctest; sourceTree = BUILT_PRODUCTS_DIR; };
		89C192342947254A0092A233 /* AbcUITests.swift */ = {isa = PBXFileReference; lastKnownFileType = sourcecode.swift; path = AbcUITests.swift; sourceTree = "<group>"; };
		89C192362947254A0092A233 /* AbcUITestsLaunchTests.swift */ = {isa = PBXFileReference; lastKnownFileType = sourcecode.swift; path = AbcUITestsLaunchTests.swift; sourceTree = "<group>"; };
		89C2700C295606ED0002DAE5 /* A.wav */ = {isa = PBXFileReference; lastKnownFileType = audio.wav; path = A.wav; sourceTree = "<group>"; };
		89C2700D295606ED0002DAE5 /* R.wav */ = {isa = PBXFileReference; lastKnownFileType = audio.wav; path = R.wav; sourceTree = "<group>"; };
		89C2700E295606ED0002DAE5 /* I.wav */ = {isa = PBXFileReference; lastKnownFileType = audio.wav; path = I.wav; sourceTree = "<group>"; };
		89C2700F295606ED0002DAE5 /* N.wav */ = {isa = PBXFileReference; lastKnownFileType = audio.wav; path = N.wav; sourceTree = "<group>"; };
		89C27010295606ED0002DAE5 /* Y.wav */ = {isa = PBXFileReference; lastKnownFileType = audio.wav; path = Y.wav; sourceTree = "<group>"; };
		89C27011295606ED0002DAE5 /* E.wav */ = {isa = PBXFileReference; lastKnownFileType = audio.wav; path = E.wav; sourceTree = "<group>"; };
		89C27012295606ED0002DAE5 /* S.wav */ = {isa = PBXFileReference; lastKnownFileType = audio.wav; path = S.wav; sourceTree = "<group>"; };
		89C27013295606ED0002DAE5 /* B.wav */ = {isa = PBXFileReference; lastKnownFileType = audio.wav; path = B.wav; sourceTree = "<group>"; };
		89C27014295606ED0002DAE5 /* V.wav */ = {isa = PBXFileReference; lastKnownFileType = audio.wav; path = V.wav; sourceTree = "<group>"; };
		89C27015295606ED0002DAE5 /* P.wav */ = {isa = PBXFileReference; lastKnownFileType = audio.wav; path = P.wav; sourceTree = "<group>"; };
		89C27016295606ED0002DAE5 /* J.wav */ = {isa = PBXFileReference; lastKnownFileType = audio.wav; path = J.wav; sourceTree = "<group>"; };
		89C27017295606ED0002DAE5 /* T.wav */ = {isa = PBXFileReference; lastKnownFileType = audio.wav; path = T.wav; sourceTree = "<group>"; };
		89C27018295606ED0002DAE5 /* G.wav */ = {isa = PBXFileReference; lastKnownFileType = audio.wav; path = G.wav; sourceTree = "<group>"; };
		89C27019295606ED0002DAE5 /* D.wav */ = {isa = PBXFileReference; lastKnownFileType = audio.wav; path = D.wav; sourceTree = "<group>"; };
		89C2701A295606ED0002DAE5 /* F.wav */ = {isa = PBXFileReference; lastKnownFileType = audio.wav; path = F.wav; sourceTree = "<group>"; };
		89C2701B295606ED0002DAE5 /* C.wav */ = {isa = PBXFileReference; lastKnownFileType = audio.wav; path = C.wav; sourceTree = "<group>"; };
		89C2701C295606ED0002DAE5 /* U.wav */ = {isa = PBXFileReference; lastKnownFileType = audio.wav; path = U.wav; sourceTree = "<group>"; };
		89C2701D295606ED0002DAE5 /* X.wav */ = {isa = PBXFileReference; lastKnownFileType = audio.wav; path = X.wav; sourceTree = "<group>"; };
		89C2701E295606ED0002DAE5 /* O.wav */ = {isa = PBXFileReference; lastKnownFileType = audio.wav; path = O.wav; sourceTree = "<group>"; };
		89C2701F295606ED0002DAE5 /* L.wav */ = {isa = PBXFileReference; lastKnownFileType = audio.wav; path = L.wav; sourceTree = "<group>"; };
		89C27020295606ED0002DAE5 /* W.wav */ = {isa = PBXFileReference; lastKnownFileType = audio.wav; path = W.wav; sourceTree = "<group>"; };
		89C27021295606ED0002DAE5 /* K.wav */ = {isa = PBXFileReference; lastKnownFileType = audio.wav; path = K.wav; sourceTree = "<group>"; };
		89C27022295606ED0002DAE5 /* Z.wav */ = {isa = PBXFileReference; lastKnownFileType = audio.wav; path = Z.wav; sourceTree = "<group>"; };
		89C27023295606ED0002DAE5 /* M.wav */ = {isa = PBXFileReference; lastKnownFileType = audio.wav; path = M.wav; sourceTree = "<group>"; };
		89C27024295606ED0002DAE5 /* Q.wav */ = {isa = PBXFileReference; lastKnownFileType = audio.wav; path = Q.wav; sourceTree = "<group>"; };
		89C27025295606ED0002DAE5 /* H.wav */ = {isa = PBXFileReference; lastKnownFileType = audio.wav; path = H.wav; sourceTree = "<group>"; };
		89CD7160294987D700D52ED8 /* en */ = {isa = PBXFileReference; lastKnownFileType = text.plist.strings; name = en; path = en.lproj/Main.strings; sourceTree = "<group>"; };
		89CD71612949AE7B00D52ED8 /* cforcat.png */ = {isa = PBXFileReference; lastKnownFileType = image.png; name = cforcat.png; path = ../../Pictures/cforcat.png; sourceTree = "<group>"; };
		89CD71622949AE7B00D52ED8 /* aforapple.png */ = {isa = PBXFileReference; lastKnownFileType = image.png; name = aforapple.png; path = ../../Pictures/aforapple.png; sourceTree = "<group>"; };
		89CD71632949AE7B00D52ED8 /* bforball.png */ = {isa = PBXFileReference; lastKnownFileType = image.png; name = bforball.png; path = ../../Pictures/bforball.png; sourceTree = "<group>"; };
		89D4F7822954DD2C005D846D /* Level1ViewController.swift */ = {isa = PBXFileReference; lastKnownFileType = sourcecode.swift; path = Level1ViewController.swift; sourceTree = "<group>"; };
/* End PBXFileReference section */

/* Begin PBXFrameworksBuildPhase section */
		89C1920D294725480092A233 /* Frameworks */ = {
			isa = PBXFrameworksBuildPhase;
			buildActionMask = 2147483647;
			files = (
			);
			runOnlyForDeploymentPostprocessing = 0;
		};
		89C192232947254A0092A233 /* Frameworks */ = {
			isa = PBXFrameworksBuildPhase;
			buildActionMask = 2147483647;
			files = (
			);
			runOnlyForDeploymentPostprocessing = 0;
		};
		89C1922D2947254A0092A233 /* Frameworks */ = {
			isa = PBXFrameworksBuildPhase;
			buildActionMask = 2147483647;
			files = (
			);
			runOnlyForDeploymentPostprocessing = 0;
		};
/* End PBXFrameworksBuildPhase section */

/* Begin PBXGroup section */
		89A03FC0295066C200E5914C /* Sounds */ = {
			isa = PBXGroup;
			children = (
				89C2700B295606C60002DAE5 /* A-Z_Letter_Sounds */,
				89A03FC1295066C900E5914C /* A-Z */,
			);
			path = Sounds;
			sourceTree = "<group>";
		};
		89A03FC1295066C900E5914C /* A-Z */ = {
			isa = PBXGroup;
			children = (
				899A4761295239590017CC7E /* nfornest.mp3 */,
				899A4762295239590017CC7E /* pforparrot.mp3 */,
				89A03FC22950671900E5914C /* aforapple.mp3 */,
				89A03FCD2950671900E5914C /* bforball.mp3 */,
				89A03FD22950671900E5914C /* cforcat.mp3 */,
				89A03FC32950671900E5914C /* dfordog.mp3 */,
				89A03FCB2950671900E5914C /* eforelephant.mp3 */,
				89A03FD92950671900E5914C /* fforfish.mp3 */,
				89A03FC42950671900E5914C /* gforgoat.mp3 */,
				89A03FC72950671900E5914C /* hforhorse.mp3 */,
				89A03FD12950671900E5914C /* iforice.mp3 */,
				89A03FC62950671900E5914C /* jforjuice.mp3 */,
				89A03FC92950671900E5914C /* kforkite.mp3 */,
				89A03FD02950671900E5914C /* lforlion.mp3 */,
				89A03FCC2950671900E5914C /* mformonkey.mp3 */,
				89A03FDB2950671900E5914C /* ofororange.mp3 */,
				89A03FCE2950671900E5914C /* qforqueen.mp3 */,
				89A03FD42950671900E5914C /* rforrabbit.mp3 */,
				89A03FDA2950671900E5914C /* sforsun.mp3 */,
				89A03FC82950671900E5914C /* tfortiger.mp3 */,
				89A03FCF2950671900E5914C /* uforumbrella.mp3 */,
				89A03FCA2950671900E5914C /* vforvan.mp3 */,
				89A03FD82950671900E5914C /* wforwater.mp3 */,
				89A03FD72950671900E5914C /* xforxylophone.mp3 */,
				89A03FD52950671900E5914C /* yforyak.mp3 */,
				89A03FD62950671900E5914C /* zforzebra.mp3 */,
			);
			path = "A-Z";
			sourceTree = "<group>";
		};
		89C19207294725480092A233 = {
			isa = PBXGroup;
			children = (
				898EFFA7294DC01900BCEF4A /* swipeActions.swift */,
				89CD71622949AE7B00D52ED8 /* aforapple.png */,
				89CD71632949AE7B00D52ED8 /* bforball.png */,
				89CD71612949AE7B00D52ED8 /* cforcat.png */,
				89C19212294725480092A233 /* Abc */,
				89C192292947254A0092A233 /* AbcTests */,
				89C192332947254A0092A233 /* AbcUITests */,
				89C19211294725480092A233 /* Products */,
			);
			sourceTree = "<group>";
		};
		89C19211294725480092A233 /* Products */ = {
			isa = PBXGroup;
			children = (
				89C19210294725480092A233 /* Abc.app */,
				89C192262947254A0092A233 /* AbcTests.xctest */,
				89C192302947254A0092A233 /* AbcUITests.xctest */,
			);
			name = Products;
			sourceTree = "<group>";
		};
		89C19212294725480092A233 /* Abc */ = {
			isa = PBXGroup;
			children = (
				89D4F7822954DD2C005D846D /* Level1ViewController.swift */,
				899A475F295231CC0017CC7E /* StartViewController.swift */,
				89A03FC0295066C200E5914C /* Sounds */,
				89C19213294725480092A233 /* AppDelegate.swift */,
				89C19215294725480092A233 /* SceneDelegate.swift */,
				89C19217294725480092A233 /* AbcViewController.swift */,
				898EFFA5294D99F900BCEF4A /* appOperations.swift */,
				8983D994294A14CD00FFAE1D /* appConstants.swift */,
				89C19219294725480092A233 /* Main.storyboard */,
				89C1921C2947254A0092A233 /* Assets.xcassets */,
				89C1921E2947254A0092A233 /* LaunchScreen.storyboard */,
				89C192212947254A0092A233 /* Info.plist */,
			);
			path = Abc;
			sourceTree = "<group>";
			usesTabs = 0;
		};
		89C192292947254A0092A233 /* AbcTests */ = {
			isa = PBXGroup;
			children = (
				89C1922A2947254A0092A233 /* AbcTests.swift */,
			);
			path = AbcTests;
			sourceTree = "<group>";
		};
		89C192332947254A0092A233 /* AbcUITests */ = {
			isa = PBXGroup;
			children = (
				89C192342947254A0092A233 /* AbcUITests.swift */,
				89C192362947254A0092A233 /* AbcUITestsLaunchTests.swift */,
			);
			path = AbcUITests;
			sourceTree = "<group>";
		};
		89C2700B295606C60002DAE5 /* A-Z_Letter_Sounds */ = {
			isa = PBXGroup;
			children = (
				89C2700C295606ED0002DAE5 /* A.wav */,
				89C27013295606ED0002DAE5 /* B.wav */,
				89C2701B295606ED0002DAE5 /* C.wav */,
				89C27019295606ED0002DAE5 /* D.wav */,
				89C27011295606ED0002DAE5 /* E.wav */,
				89C2701A295606ED0002DAE5 /* F.wav */,
				89C27018295606ED0002DAE5 /* G.wav */,
				89C27025295606ED0002DAE5 /* H.wav */,
				89C2700E295606ED0002DAE5 /* I.wav */,
				89C27016295606ED0002DAE5 /* J.wav */,
				89C27021295606ED0002DAE5 /* K.wav */,
				89C2701F295606ED0002DAE5 /* L.wav */,
				89C27023295606ED0002DAE5 /* M.wav */,
				89C2700F295606ED0002DAE5 /* N.wav */,
				89C2701E295606ED0002DAE5 /* O.wav */,
				89C27015295606ED0002DAE5 /* P.wav */,
				89C27024295606ED0002DAE5 /* Q.wav */,
				89C2700D295606ED0002DAE5 /* R.wav */,
				89C27012295606ED0002DAE5 /* S.wav */,
				89C27017295606ED0002DAE5 /* T.wav */,
				89C2701C295606ED0002DAE5 /* U.wav */,
				89C27014295606ED0002DAE5 /* V.wav */,
				89C27020295606ED0002DAE5 /* W.wav */,
				89C2701D295606ED0002DAE5 /* X.wav */,
				89C27010295606ED0002DAE5 /* Y.wav */,
				89C27022295606ED0002DAE5 /* Z.wav */,
			);
			path = "A-Z_Letter_Sounds";
			sourceTree = "<group>";
		};
/* End PBXGroup section */

/* Begin PBXNativeTarget section */
		89C1920F294725480092A233 /* Abc */ = {
			isa = PBXNativeTarget;
			buildConfigurationList = 89C1923A2947254A0092A233 /* Build configuration list for PBXNativeTarget "Abc" */;
			buildPhases = (
				89C1920C294725480092A233 /* Sources */,
				89C1920D294725480092A233 /* Frameworks */,
				89C1920E294725480092A233 /* Resources */,
			);
			buildRules = (
			);
			dependencies = (
			);
			name = Abc;
			productName = Abc;
			productReference = 89C19210294725480092A233 /* Abc.app */;
			productType = "com.apple.product-type.application";
		};
		89C192252947254A0092A233 /* AbcTests */ = {
			isa = PBXNativeTarget;
			buildConfigurationList = 89C1923D2947254A0092A233 /* Build configuration list for PBXNativeTarget "AbcTests" */;
			buildPhases = (
				89C192222947254A0092A233 /* Sources */,
				89C192232947254A0092A233 /* Frameworks */,
				89C192242947254A0092A233 /* Resources */,
			);
			buildRules = (
			);
			dependencies = (
				89C192282947254A0092A233 /* PBXTargetDependency */,
			);
			name = AbcTests;
			productName = AbcTests;
			productReference = 89C192262947254A0092A233 /* AbcTests.xctest */;
			productType = "com.apple.product-type.bundle.unit-test";
		};
		89C1922F2947254A0092A233 /* AbcUITests */ = {
			isa = PBXNativeTarget;
			buildConfigurationList = 89C192402947254A0092A233 /* Build configuration list for PBXNativeTarget "AbcUITests" */;
			buildPhases = (
				89C1922C2947254A0092A233 /* Sources */,
				89C1922D2947254A0092A233 /* Frameworks */,
				89C1922E2947254A0092A233 /* Resources */,
			);
			buildRules = (
			);
			dependencies = (
				89C192322947254A0092A233 /* PBXTargetDependency */,
			);
			name = AbcUITests;
			productName = AbcUITests;
			productReference = 89C192302947254A0092A233 /* AbcUITests.xctest */;
			productType = "com.apple.product-type.bundle.ui-testing";
		};
/* End PBXNativeTarget section */

/* Begin PBXProject section */
		89C19208294725480092A233 /* Project object */ = {
			isa = PBXProject;
			attributes = {
				BuildIndependentTargetsInParallel = 1;
				LastSwiftUpdateCheck = 1410;
				LastUpgradeCheck = 1410;
				TargetAttributes = {
					89C1920F294725480092A233 = {
						CreatedOnToolsVersion = 14.1;
					};
					89C192252947254A0092A233 = {
						CreatedOnToolsVersion = 14.1;
						TestTargetID = 89C1920F294725480092A233;
					};
					89C1922F2947254A0092A233 = {
						CreatedOnToolsVersion = 14.1;
						TestTargetID = 89C1920F294725480092A233;
					};
				};
			};
			buildConfigurationList = 89C1920B294725480092A233 /* Build configuration list for PBXProject "Abc" */;
			compatibilityVersion = "Xcode 14.0";
			developmentRegion = en;
			hasScannedForEncodings = 0;
			knownRegions = (
				en,
				Base,
			);
			mainGroup = 89C19207294725480092A233;
			productRefGroup = 89C19211294725480092A233 /* Products */;
			projectDirPath = "";
			projectRoot = "";
			targets = (
				89C1920F294725480092A233 /* Abc */,
				89C192252947254A0092A233 /* AbcTests */,
				89C1922F2947254A0092A233 /* AbcUITests */,
			);
		};
/* End PBXProject section */

/* Begin PBXResourcesBuildPhase section */
		89C1920E294725480092A233 /* Resources */ = {
			isa = PBXResourcesBuildPhase;
			buildActionMask = 2147483647;
			files = (
				89C2703F295606ED0002DAE5 /* H.wav in Resources */,
				89C2703A295606ED0002DAE5 /* W.wav in Resources */,
				89C27038295606ED0002DAE5 /* O.wav in Resources */,
				89C27029295606ED0002DAE5 /* N.wav in Resources */,
				89C192202947254A0092A233 /* LaunchScreen.storyboard in Resources */,
				89C27039295606ED0002DAE5 /* L.wav in Resources */,
				89A03FE82950671900E5914C /* qforqueen.mp3 in Resources */,
				89A03FE32950671900E5914C /* kforkite.mp3 in Resources */,
				89C27036295606ED0002DAE5 /* U.wav in Resources */,
				89A03FEE2950671900E5914C /* rforrabbit.mp3 in Resources */,
				89A03FEC2950671900E5914C /* cforcat.mp3 in Resources */,
				899A4763295239590017CC7E /* nfornest.mp3 in Resources */,
				89A03FDD2950671900E5914C /* dfordog.mp3 in Resources */,
				89A03FE52950671900E5914C /* eforelephant.mp3 in Resources */,
				89A03FE12950671900E5914C /* hforhorse.mp3 in Resources */,
				89A03FDC2950671900E5914C /* aforapple.mp3 in Resources */,
				89C27034295606ED0002DAE5 /* F.wav in Resources */,
				89C27030295606ED0002DAE5 /* J.wav in Resources */,
				89C27031295606ED0002DAE5 /* T.wav in Resources */,
				89C27028295606ED0002DAE5 /* I.wav in Resources */,
				89C2703D295606ED0002DAE5 /* M.wav in Resources */,
				89C27035295606ED0002DAE5 /* C.wav in Resources */,
				89C2702C295606ED0002DAE5 /* S.wav in Resources */,
				89A03FE92950671900E5914C /* uforumbrella.mp3 in Resources */,
				899A4764295239590017CC7E /* pforparrot.mp3 in Resources */,
				89C2702F295606ED0002DAE5 /* P.wav in Resources */,
				89A03FF22950671900E5914C /* wforwater.mp3 in Resources */,
				89C27033295606ED0002DAE5 /* D.wav in Resources */,
				89A03FEB2950671900E5914C /* iforice.mp3 in Resources */,
				89A03FEA2950671900E5914C /* lforlion.mp3 in Resources */,
				89A03FE22950671900E5914C /* tfortiger.mp3 in Resources */,
				89A03FE42950671900E5914C /* vforvan.mp3 in Resources */,
				89A03FE02950671900E5914C /* jforjuice.mp3 in Resources */,
				89A03FF02950671900E5914C /* zforzebra.mp3 in Resources */,
				89A03FE72950671900E5914C /* bforball.mp3 in Resources */,
				89C2702A295606ED0002DAE5 /* Y.wav in Resources */,
				89A03FF12950671900E5914C /* xforxylophone.mp3 in Resources */,
				89C2703E295606ED0002DAE5 /* Q.wav in Resources */,
				89C1921D2947254A0092A233 /* Assets.xcassets in Resources */,
				89A03FF42950671900E5914C /* sforsun.mp3 in Resources */,
				89C27032295606ED0002DAE5 /* G.wav in Resources */,
				89C1921B294725480092A233 /* Main.storyboard in Resources */,
				89C27037295606ED0002DAE5 /* X.wav in Resources */,
				89C2702D295606ED0002DAE5 /* B.wav in Resources */,
				89C2702E295606ED0002DAE5 /* V.wav in Resources */,
				89C2703B295606ED0002DAE5 /* K.wav in Resources */,
				89C2703C295606ED0002DAE5 /* Z.wav in Resources */,
				89C27026295606ED0002DAE5 /* A.wav in Resources */,
				89A03FEF2950671900E5914C /* yforyak.mp3 in Resources */,
				89C27027295606ED0002DAE5 /* R.wav in Resources */,
				89A03FDE2950671900E5914C /* gforgoat.mp3 in Resources */,
				89C2702B295606ED0002DAE5 /* E.wav in Resources */,
				89A03FF52950671900E5914C /* ofororange.mp3 in Resources */,
				89A03FF32950671900E5914C /* fforfish.mp3 in Resources */,
				89A03FE62950671900E5914C /* mformonkey.mp3 in Resources */,
			);
			runOnlyForDeploymentPostprocessing = 0;
		};
		89C192242947254A0092A233 /* Resources */ = {
			isa = PBXResourcesBuildPhase;
			buildActionMask = 2147483647;
			files = (
			);
			runOnlyForDeploymentPostprocessing = 0;
		};
		89C1922E2947254A0092A233 /* Resources */ = {
			isa = PBXResourcesBuildPhase;
			buildActionMask = 2147483647;
			files = (
			);
			runOnlyForDeploymentPostprocessing = 0;
		};
/* End PBXResourcesBuildPhase section */

/* Begin PBXSourcesBuildPhase section */
		89C1920C294725480092A233 /* Sources */ = {
			isa = PBXSourcesBuildPhase;
			buildActionMask = 2147483647;
			files = (
				898EFFA8294DC01900BCEF4A /* swipeActions.swift in Sources */,
				899A4760295231CC0017CC7E /* StartViewController.swift in Sources */,
				898EFFA6294D99F900BCEF4A /* appOperations.swift in Sources */,
				89C19218294725480092A233 /* AbcViewController.swift in Sources */,
				89C19214294725480092A233 /* AppDelegate.swift in Sources */,
				89D4F7832954DD2C005D846D /* Level1ViewController.swift in Sources */,
				89C19216294725480092A233 /* SceneDelegate.swift in Sources */,
				8983D995294A14CD00FFAE1D /* appConstants.swift in Sources */,
			);
			runOnlyForDeploymentPostprocessing = 0;
		};
		89C192222947254A0092A233 /* Sources */ = {
			isa = PBXSourcesBuildPhase;
			buildActionMask = 2147483647;
			files = (
				89C1922B2947254A0092A233 /* AbcTests.swift in Sources */,
			);
			runOnlyForDeploymentPostprocessing = 0;
		};
		89C1922C2947254A0092A233 /* Sources */ = {
			isa = PBXSourcesBuildPhase;
			buildActionMask = 2147483647;
			files = (
				89C192352947254A0092A233 /* AbcUITests.swift in Sources */,
				89C192372947254A0092A233 /* AbcUITestsLaunchTests.swift in Sources */,
			);
			runOnlyForDeploymentPostprocessing = 0;
		};
/* End PBXSourcesBuildPhase section */

/* Begin PBXTargetDependency section */
		89C192282947254A0092A233 /* PBXTargetDependency */ = {
			isa = PBXTargetDependency;
			target = 89C1920F294725480092A233 /* Abc */;
			targetProxy = 89C192272947254A0092A233 /* PBXContainerItemProxy */;
		};
		89C192322947254A0092A233 /* PBXTargetDependency */ = {
			isa = PBXTargetDependency;
			target = 89C1920F294725480092A233 /* Abc */;
			targetProxy = 89C192312947254A0092A233 /* PBXContainerItemProxy */;
		};
/* End PBXTargetDependency section */

/* Begin PBXVariantGroup section */
		89C19219294725480092A233 /* Main.storyboard */ = {
			isa = PBXVariantGroup;
			children = (
				89C1921A294725480092A233 /* Base */,
				89CD7160294987D700D52ED8 /* en */,
			);
			name = Main.storyboard;
			sourceTree = "<group>";
		};
		89C1921E2947254A0092A233 /* LaunchScreen.storyboard */ = {
			isa = PBXVariantGroup;
			children = (
				89C1921F2947254A0092A233 /* Base */,
			);
			name = LaunchScreen.storyboard;
			sourceTree = "<group>";
		};
/* End PBXVariantGroup section */

/* Begin XCBuildConfiguration section */
		89C192382947254A0092A233 /* Debug */ = {
			isa = XCBuildConfiguration;
			buildSettings = {
				ALWAYS_SEARCH_USER_PATHS = NO;
				CLANG_ANALYZER_NONNULL = YES;
				CLANG_ANALYZER_NUMBER_OBJECT_CONVERSION = YES_AGGRESSIVE;
				CLANG_CXX_LANGUAGE_STANDARD = "gnu++20";
				CLANG_ENABLE_MODULES = YES;
				CLANG_ENABLE_OBJC_ARC = YES;
				CLANG_ENABLE_OBJC_WEAK = YES;
				CLANG_WARN_BLOCK_CAPTURE_AUTORELEASING = YES;
				CLANG_WARN_BOOL_CONVERSION = YES;
				CLANG_WARN_COMMA = YES;
				CLANG_WARN_CONSTANT_CONVERSION = YES;
				CLANG_WARN_DEPRECATED_OBJC_IMPLEMENTATIONS = YES;
				CLANG_WARN_DIRECT_OBJC_ISA_USAGE = YES_ERROR;
				CLANG_WARN_DOCUMENTATION_COMMENTS = YES;
				CLANG_WARN_EMPTY_BODY = YES;
				CLANG_WARN_ENUM_CONVERSION = YES;
				CLANG_WARN_INFINITE_RECURSION = YES;
				CLANG_WARN_INT_CONVERSION = YES;
				CLANG_WARN_NON_LITERAL_NULL_CONVERSION = YES;
				CLANG_WARN_OBJC_IMPLICIT_RETAIN_SELF = YES;
				CLANG_WARN_OBJC_LITERAL_CONVERSION = YES;
				CLANG_WARN_OBJC_ROOT_CLASS = YES_ERROR;
				CLANG_WARN_QUOTED_INCLUDE_IN_FRAMEWORK_HEADER = YES;
				CLANG_WARN_RANGE_LOOP_ANALYSIS = YES;
				CLANG_WARN_STRICT_PROTOTYPES = YES;
				CLANG_WARN_SUSPICIOUS_MOVE = YES;
				CLANG_WARN_UNGUARDED_AVAILABILITY = YES_AGGRESSIVE;
				CLANG_WARN_UNREACHABLE_CODE = YES;
				CLANG_WARN__DUPLICATE_METHOD_MATCH = YES;
				COPY_PHASE_STRIP = NO;
				DEBUG_INFORMATION_FORMAT = dwarf;
				ENABLE_STRICT_OBJC_MSGSEND = YES;
				ENABLE_TESTABILITY = YES;
				GCC_C_LANGUAGE_STANDARD = gnu11;
				GCC_DYNAMIC_NO_PIC = NO;
				GCC_NO_COMMON_BLOCKS = YES;
				GCC_OPTIMIZATION_LEVEL = 0;
				GCC_PREPROCESSOR_DEFINITIONS = (
					"DEBUG=1",
					"$(inherited)",
				);
				GCC_WARN_64_TO_32_BIT_CONVERSION = YES;
				GCC_WARN_ABOUT_RETURN_TYPE = YES_ERROR;
				GCC_WARN_UNDECLARED_SELECTOR = YES;
				GCC_WARN_UNINITIALIZED_AUTOS = YES_AGGRESSIVE;
				GCC_WARN_UNUSED_FUNCTION = YES;
				GCC_WARN_UNUSED_VARIABLE = YES;
				IPHONEOS_DEPLOYMENT_TARGET = 14.0;
				MTL_ENABLE_DEBUG_INFO = INCLUDE_SOURCE;
				MTL_FAST_MATH = YES;
				ONLY_ACTIVE_ARCH = YES;
				SDKROOT = iphoneos;
				SWIFT_ACTIVE_COMPILATION_CONDITIONS = DEBUG;
				SWIFT_OPTIMIZATION_LEVEL = "-Onone";
			};
			name = Debug;
		};
		89C192392947254A0092A233 /* Release */ = {
			isa = XCBuildConfiguration;
			buildSettings = {
				ALWAYS_SEARCH_USER_PATHS = NO;
				CLANG_ANALYZER_NONNULL = YES;
				CLANG_ANALYZER_NUMBER_OBJECT_CONVERSION = YES_AGGRESSIVE;
				CLANG_CXX_LANGUAGE_STANDARD = "gnu++20";
				CLANG_ENABLE_MODULES = YES;
				CLANG_ENABLE_OBJC_ARC = YES;
				CLANG_ENABLE_OBJC_WEAK = YES;
				CLANG_WARN_BLOCK_CAPTURE_AUTORELEASING = YES;
				CLANG_WARN_BOOL_CONVERSION = YES;
				CLANG_WARN_COMMA = YES;
				CLANG_WARN_CONSTANT_CONVERSION = YES;
				CLANG_WARN_DEPRECATED_OBJC_IMPLEMENTATIONS = YES;
				CLANG_WARN_DIRECT_OBJC_ISA_USAGE = YES_ERROR;
				CLANG_WARN_DOCUMENTATION_COMMENTS = YES;
				CLANG_WARN_EMPTY_BODY = YES;
				CLANG_WARN_ENUM_CONVERSION = YES;
				CLANG_WARN_INFINITE_RECURSION = YES;
				CLANG_WARN_INT_CONVERSION = YES;
				CLANG_WARN_NON_LITERAL_NULL_CONVERSION = YES;
				CLANG_WARN_OBJC_IMPLICIT_RETAIN_SELF = YES;
				CLANG_WARN_OBJC_LITERAL_CONVERSION = YES;
				CLANG_WARN_OBJC_ROOT_CLASS = YES_ERROR;
				CLANG_WARN_QUOTED_INCLUDE_IN_FRAMEWORK_HEADER = YES;
				CLANG_WARN_RANGE_LOOP_ANALYSIS = YES;
				CLANG_WARN_STRICT_PROTOTYPES = YES;
				CLANG_WARN_SUSPICIOUS_MOVE = YES;
				CLANG_WARN_UNGUARDED_AVAILABILITY = YES_AGGRESSIVE;
				CLANG_WARN_UNREACHABLE_CODE = YES;
				CLANG_WARN__DUPLICATE_METHOD_MATCH = YES;
				COPY_PHASE_STRIP = NO;
				DEBUG_INFORMATION_FORMAT = "dwarf-with-dsym";
				ENABLE_NS_ASSERTIONS = NO;
				ENABLE_STRICT_OBJC_MSGSEND = YES;
				GCC_C_LANGUAGE_STANDARD = gnu11;
				GCC_NO_COMMON_BLOCKS = YES;
				GCC_WARN_64_TO_32_BIT_CONVERSION = YES;
				GCC_WARN_ABOUT_RETURN_TYPE = YES_ERROR;
				GCC_WARN_UNDECLARED_SELECTOR = YES;
				GCC_WARN_UNINITIALIZED_AUTOS = YES_AGGRESSIVE;
				GCC_WARN_UNUSED_FUNCTION = YES;
				GCC_WARN_UNUSED_VARIABLE = YES;
				IPHONEOS_DEPLOYMENT_TARGET = 14.0;
				MTL_ENABLE_DEBUG_INFO = NO;
				MTL_FAST_MATH = YES;
				SDKROOT = iphoneos;
				SWIFT_COMPILATION_MODE = wholemodule;
				SWIFT_OPTIMIZATION_LEVEL = "-O";
				VALIDATE_PRODUCT = YES;
			};
			name = Release;
		};
		89C1923B2947254A0092A233 /* Debug */ = {
			isa = XCBuildConfiguration;
			buildSettings = {
				ASSETCATALOG_COMPILER_APPICON_NAME = AppIcon;
				ASSETCATALOG_COMPILER_GLOBAL_ACCENT_COLOR_NAME = AccentColor;
				CODE_SIGN_STYLE = Automatic;
				CURRENT_PROJECT_VERSION = 0;
				DEVELOPMENT_TEAM = FMTQ7WAFS9;
				GENERATE_INFOPLIST_FILE = YES;
				INFOPLIST_FILE = Abc/Info.plist;
				INFOPLIST_KEY_CFBundleDisplayName = "ABC by Abba";
				INFOPLIST_KEY_LSApplicationCategoryType = "public.app-category.education";
				INFOPLIST_KEY_UIApplicationSupportsIndirectInputEvents = YES;
				INFOPLIST_KEY_UILaunchStoryboardName = LaunchScreen.storyboard;
				INFOPLIST_KEY_UIMainStoryboardFile = Main;
				INFOPLIST_KEY_UIStatusBarStyle = "";
				INFOPLIST_KEY_UISupportedInterfaceOrientations_iPad = "UIInterfaceOrientationPortrait UIInterfaceOrientationPortraitUpsideDown UIInterfaceOrientationLandscapeLeft UIInterfaceOrientationLandscapeRight";
				INFOPLIST_KEY_UISupportedInterfaceOrientations_iPhone = "UIInterfaceOrientationPortrait UIInterfaceOrientationLandscapeLeft UIInterfaceOrientationLandscapeRight";
				IPHONEOS_DEPLOYMENT_TARGET = 14.0;
				LD_RUNPATH_SEARCH_PATHS = (
					"$(inherited)",
					"@executable_path/Frameworks",
				);
				MARKETING_VERSION = 1.2;
				PRODUCT_BUNDLE_IDENTIFIER = com.roosnam.Abc;
				PRODUCT_NAME = "$(TARGET_NAME)";
				SWIFT_EMIT_LOC_STRINGS = YES;
				SWIFT_VERSION = 5.0;
				TARGETED_DEVICE_FAMILY = "1,2";
			};
			name = Debug;
		};
		89C1923C2947254A0092A233 /* Release */ = {
			isa = XCBuildConfiguration;
			buildSettings = {
				ASSETCATALOG_COMPILER_APPICON_NAME = AppIcon;
				ASSETCATALOG_COMPILER_GLOBAL_ACCENT_COLOR_NAME = AccentColor;
				CODE_SIGN_STYLE = Automatic;
				CURRENT_PROJECT_VERSION = 0;
				DEVELOPMENT_TEAM = FMTQ7WAFS9;
				GENERATE_INFOPLIST_FILE = YES;
				INFOPLIST_FILE = Abc/Info.plist;
				INFOPLIST_KEY_CFBundleDisplayName = "ABC by Abba";
				INFOPLIST_KEY_LSApplicationCategoryType = "public.app-category.education";
				INFOPLIST_KEY_UIApplicationSupportsIndirectInputEvents = YES;
				INFOPLIST_KEY_UILaunchStoryboardName = LaunchScreen.storyboard;
				INFOPLIST_KEY_UIMainStoryboardFile = Main;
				INFOPLIST_KEY_UIStatusBarStyle = "";
				INFOPLIST_KEY_UISupportedInterfaceOrientations_iPad = "UIInterfaceOrientationPortrait UIInterfaceOrientationPortraitUpsideDown UIInterfaceOrientationLandscapeLeft UIInterfaceOrientationLandscapeRight";
				INFOPLIST_KEY_UISupportedInterfaceOrientations_iPhone = "UIInterfaceOrientationPortrait UIInterfaceOrientationLandscapeLeft UIInterfaceOrientationLandscapeRight";
				IPHONEOS_DEPLOYMENT_TARGET = 14.0;
				LD_RUNPATH_SEARCH_PATHS = (
					"$(inherited)",
					"@executable_path/Frameworks",
				);
				MARKETING_VERSION = 1.2;
				PRODUCT_BUNDLE_IDENTIFIER = com.roosnam.Abc;
				PRODUCT_NAME = "$(TARGET_NAME)";
				SWIFT_EMIT_LOC_STRINGS = YES;
				SWIFT_VERSION = 5.0;
				TARGETED_DEVICE_FAMILY = "1,2";
			};
			name = Release;
		};
		89C1923E2947254A0092A233 /* Debug */ = {
			isa = XCBuildConfiguration;
			buildSettings = {
				ALWAYS_EMBED_SWIFT_STANDARD_LIBRARIES = YES;
				BUNDLE_LOADER = "$(TEST_HOST)";
				CODE_SIGN_STYLE = Automatic;
				CURRENT_PROJECT_VERSION = 1;
				DEVELOPMENT_TEAM = FMTQ7WAFS9;
				GENERATE_INFOPLIST_FILE = YES;
				IPHONEOS_DEPLOYMENT_TARGET = 16.1;
				MARKETING_VERSION = 1.0;
				PRODUCT_BUNDLE_IDENTIFIER = com.example.apple.AbcTests;
				PRODUCT_NAME = "$(TARGET_NAME)";
				SWIFT_EMIT_LOC_STRINGS = NO;
				SWIFT_VERSION = 5.0;
				TARGETED_DEVICE_FAMILY = "1,2";
				TEST_HOST = "$(BUILT_PRODUCTS_DIR)/Abc.app/$(BUNDLE_EXECUTABLE_FOLDER_PATH)/Abc";
			};
			name = Debug;
		};
		89C1923F2947254A0092A233 /* Release */ = {
			isa = XCBuildConfiguration;
			buildSettings = {
				ALWAYS_EMBED_SWIFT_STANDARD_LIBRARIES = YES;
				BUNDLE_LOADER = "$(TEST_HOST)";
				CODE_SIGN_STYLE = Automatic;
				CURRENT_PROJECT_VERSION = 1;
				DEVELOPMENT_TEAM = FMTQ7WAFS9;
				GENERATE_INFOPLIST_FILE = YES;
				IPHONEOS_DEPLOYMENT_TARGET = 16.1;
				MARKETING_VERSION = 1.0;
				PRODUCT_BUNDLE_IDENTIFIER = com.example.apple.AbcTests;
				PRODUCT_NAME = "$(TARGET_NAME)";
				SWIFT_EMIT_LOC_STRINGS = NO;
				SWIFT_VERSION = 5.0;
				TARGETED_DEVICE_FAMILY = "1,2";
				TEST_HOST = "$(BUILT_PRODUCTS_DIR)/Abc.app/$(BUNDLE_EXECUTABLE_FOLDER_PATH)/Abc";
			};
			name = Release;
		};
		89C192412947254A0092A233 /* Debug */ = {
			isa = XCBuildConfiguration;
			buildSettings = {
				ALWAYS_EMBED_SWIFT_STANDARD_LIBRARIES = YES;
				CODE_SIGN_STYLE = Automatic;
				CURRENT_PROJECT_VERSION = 1;
				DEVELOPMENT_TEAM = FMTQ7WAFS9;
				GENERATE_INFOPLIST_FILE = YES;
				MARKETING_VERSION = 1.0;
				PRODUCT_BUNDLE_IDENTIFIER = com.example.apple.AbcUITests;
				PRODUCT_NAME = "$(TARGET_NAME)";
				SWIFT_EMIT_LOC_STRINGS = NO;
				SWIFT_VERSION = 5.0;
				TARGETED_DEVICE_FAMILY = "1,2";
				TEST_TARGET_NAME = Abc;
			};
			name = Debug;
		};
		89C192422947254A0092A233 /* Release */ = {
			isa = XCBuildConfiguration;
			buildSettings = {
				ALWAYS_EMBED_SWIFT_STANDARD_LIBRARIES = YES;
				CODE_SIGN_STYLE = Automatic;
				CURRENT_PROJECT_VERSION = 1;
				DEVELOPMENT_TEAM = FMTQ7WAFS9;
				GENERATE_INFOPLIST_FILE = YES;
				MARKETING_VERSION = 1.0;
				PRODUCT_BUNDLE_IDENTIFIER = com.example.apple.AbcUITests;
				PRODUCT_NAME = "$(TARGET_NAME)";
				SWIFT_EMIT_LOC_STRINGS = NO;
				SWIFT_VERSION = 5.0;
				TARGETED_DEVICE_FAMILY = "1,2";
				TEST_TARGET_NAME = Abc;
			};
			name = Release;
		};
/* End XCBuildConfiguration section */

/* Begin XCConfigurationList section */
		89C1920B294725480092A233 /* Build configuration list for PBXProject "Abc" */ = {
			isa = XCConfigurationList;
			buildConfigurations = (
				89C192382947254A0092A233 /* Debug */,
				89C192392947254A0092A233 /* Release */,
			);
			defaultConfigurationIsVisible = 0;
			defaultConfigurationName = Release;
		};
		89C1923A2947254A0092A233 /* Build configuration list for PBXNativeTarget "Abc" */ = {
			isa = XCConfigurationList;
			buildConfigurations = (
				89C1923B2947254A0092A233 /* Debug */,
				89C1923C2947254A0092A233 /* Release */,
			);
			defaultConfigurationIsVisible = 0;
			defaultConfigurationName = Release;
		};
		89C1923D2947254A0092A233 /* Build configuration list for PBXNativeTarget "AbcTests" */ = {
			isa = XCConfigurationList;
			buildConfigurations = (
				89C1923E2947254A0092A233 /* Debug */,
				89C1923F2947254A0092A233 /* Release */,
			);
			defaultConfigurationIsVisible = 0;
			defaultConfigurationName = Release;
		};
		89C192402947254A0092A233 /* Build configuration list for PBXNativeTarget "AbcUITests" */ = {
			isa = XCConfigurationList;
			buildConfigurations = (
				89C192412947254A0092A233 /* Debug */,
				89C192422947254A0092A233 /* Release */,
			);
			defaultConfigurationIsVisible = 0;
			defaultConfigurationName = Release;
		};
/* End XCConfigurationList section */
	};
	rootObject = 89C19208294725480092A233 /* Project object */;
}
