// !$*UTF8*$!
{
	archiveVersion = 1;
	classes = {
	};
	objectVersion = 56;
	objects = {

/* Begin PBXBuildFile section */
		8951F475295731DC00420422 /* Level3ViewController.swift in Sources */ = {isa = PBXBuildFile; fileRef = 8951F474295731DC00420422 /* Level3ViewController.swift */; };
		8983D995294A14CD00FFAE1D /* appConstants.swift in Sources */ = {isa = PBXBuildFile; fileRef = 8983D994294A14CD00FFAE1D /* appConstants.swift */; };
		898EFFA6294D99F900BCEF4A /* appOperations.swift in Sources */ = {isa = PBXBuildFile; fileRef = 898EFFA5294D99F900BCEF4A /* appOperations.swift */; };
		899A4760295231CC0017CC7E /* StartViewController.swift in Sources */ = {isa = PBXBuildFile; fileRef = 899A475F295231CC0017CC7E /* StartViewController.swift */; };
		899A4763295239590017CC7E /* nest.mp3 in Resources */ = {isa = PBXBuildFile; fileRef = 899A4761295239590017CC7E /* nest.mp3 */; };
		899A4764295239590017CC7E /* parrot.mp3 in Resources */ = {isa = PBXBuildFile; fileRef = 899A4762295239590017CC7E /* parrot.mp3 */; };
		89A03FDC2950671900E5914C /* apple.mp3 in Resources */ = {isa = PBXBuildFile; fileRef = 89A03FC22950671900E5914C /* apple.mp3 */; };
		89A03FDD2950671900E5914C /* dog.mp3 in Resources */ = {isa = PBXBuildFile; fileRef = 89A03FC32950671900E5914C /* dog.mp3 */; };
		89A03FDE2950671900E5914C /* goat.mp3 in Resources */ = {isa = PBXBuildFile; fileRef = 89A03FC42950671900E5914C /* goat.mp3 */; };
		89A03FE02950671900E5914C /* juice.mp3 in Resources */ = {isa = PBXBuildFile; fileRef = 89A03FC62950671900E5914C /* juice.mp3 */; };
		89A03FE12950671900E5914C /* horse.mp3 in Resources */ = {isa = PBXBuildFile; fileRef = 89A03FC72950671900E5914C /* horse.mp3 */; };
		89A03FE22950671900E5914C /* tiger.mp3 in Resources */ = {isa = PBXBuildFile; fileRef = 89A03FC82950671900E5914C /* tiger.mp3 */; };
		89A03FE32950671900E5914C /* kite.mp3 in Resources */ = {isa = PBXBuildFile; fileRef = 89A03FC92950671900E5914C /* kite.mp3 */; };
		89A03FE42950671900E5914C /* van.mp3 in Resources */ = {isa = PBXBuildFile; fileRef = 89A03FCA2950671900E5914C /* van.mp3 */; };
		89A03FE52950671900E5914C /* elephant.mp3 in Resources */ = {isa = PBXBuildFile; fileRef = 89A03FCB2950671900E5914C /* elephant.mp3 */; };
		89A03FE62950671900E5914C /* monkey.mp3 in Resources */ = {isa = PBXBuildFile; fileRef = 89A03FCC2950671900E5914C /* monkey.mp3 */; };
		89A03FE72950671900E5914C /* ball.mp3 in Resources */ = {isa = PBXBuildFile; fileRef = 89A03FCD2950671900E5914C /* ball.mp3 */; };
		89A03FE82950671900E5914C /* queen.mp3 in Resources */ = {isa = PBXBuildFile; fileRef = 89A03FCE2950671900E5914C /* queen.mp3 */; };
		89A03FE92950671900E5914C /* umbrella.mp3 in Resources */ = {isa = PBXBuildFile; fileRef = 89A03FCF2950671900E5914C /* umbrella.mp3 */; };
		89A03FEA2950671900E5914C /* lion.mp3 in Resources */ = {isa = PBXBuildFile; fileRef = 89A03FD02950671900E5914C /* lion.mp3 */; };
		89A03FEB2950671900E5914C /* ice.mp3 in Resources */ = {isa = PBXBuildFile; fileRef = 89A03FD12950671900E5914C /* ice.mp3 */; };
		89A03FEC2950671900E5914C /* cat.mp3 in Resources */ = {isa = PBXBuildFile; fileRef = 89A03FD22950671900E5914C /* cat.mp3 */; };
		89A03FEE2950671900E5914C /* rabbit.mp3 in Resources */ = {isa = PBXBuildFile; fileRef = 89A03FD42950671900E5914C /* rabbit.mp3 */; };
		89A03FEF2950671900E5914C /* yak.mp3 in Resources */ = {isa = PBXBuildFile; fileRef = 89A03FD52950671900E5914C /* yak.mp3 */; };
		89A03FF02950671900E5914C /* zebra.mp3 in Resources */ = {isa = PBXBuildFile; fileRef = 89A03FD62950671900E5914C /* zebra.mp3 */; };
		89A03FF12950671900E5914C /* xylophone.mp3 in Resources */ = {isa = PBXBuildFile; fileRef = 89A03FD72950671900E5914C /* xylophone.mp3 */; };
		89A03FF22950671900E5914C /* water.mp3 in Resources */ = {isa = PBXBuildFile; fileRef = 89A03FD82950671900E5914C /* water.mp3 */; };
		89A03FF32950671900E5914C /* fish.mp3 in Resources */ = {isa = PBXBuildFile; fileRef = 89A03FD92950671900E5914C /* fish.mp3 */; };
		89A03FF42950671900E5914C /* sun.mp3 in Resources */ = {isa = PBXBuildFile; fileRef = 89A03FDA2950671900E5914C /* sun.mp3 */; };
		89A03FF52950671900E5914C /* orange.mp3 in Resources */ = {isa = PBXBuildFile; fileRef = 89A03FDB2950671900E5914C /* orange.mp3 */; };
		89BA4A472959CFD20082D38A /* pen.wav in Resources */ = {isa = PBXBuildFile; fileRef = 89BA4A2D2959CFD10082D38A /* pen.wav */; };
		89BA4A482959CFD20082D38A /* egg.wav in Resources */ = {isa = PBXBuildFile; fileRef = 89BA4A2E2959CFD10082D38A /* egg.wav */; };
		89BA4A492959CFD20082D38A /* watch.wav in Resources */ = {isa = PBXBuildFile; fileRef = 89BA4A2F2959CFD10082D38A /* watch.wav */; };
		89BA4A4A2959CFD20082D38A /* giraffe.wav in Resources */ = {isa = PBXBuildFile; fileRef = 89BA4A302959CFD10082D38A /* giraffe.wav */; };
		89BA4A4B2959CFD20082D38A /* spoon.wav in Resources */ = {isa = PBXBuildFile; fileRef = 89BA4A312959CFD10082D38A /* spoon.wav */; };
		89BA4A4C2959CFD20082D38A /* train.wav in Resources */ = {isa = PBXBuildFile; fileRef = 89BA4A322959CFD10082D38A /* train.wav */; };
		89BA4A4D2959CFD20082D38A /* quiet.wav in Resources */ = {isa = PBXBuildFile; fileRef = 89BA4A332959CFD10082D38A /* quiet.wav */; };
		89BA4A4E2959CFD20082D38A /* car.wav in Resources */ = {isa = PBXBuildFile; fileRef = 89BA4A342959CFD10082D38A /* car.wav */; };
		89BA4A4F2959CFD20082D38A /* xmastree.wav in Resources */ = {isa = PBXBuildFile; fileRef = 89BA4A352959CFD10082D38A /* xmastree.wav */; };
		89BA4A502959CFD20082D38A /* jellyfish.wav in Resources */ = {isa = PBXBuildFile; fileRef = 89BA4A362959CFD10082D38A /* jellyfish.wav */; };
		89BA4A512959CFD20082D38A /* ant.wav in Resources */ = {isa = PBXBuildFile; fileRef = 89BA4A372959CFD10082D38A /* ant.wav */; };
		89BA4A522959CFD20082D38A /* flower.wav in Resources */ = {isa = PBXBuildFile; fileRef = 89BA4A382959CFD10082D38A /* flower.wav */; };
		89BA4A532959CFD20082D38A /* unicorn.wav in Resources */ = {isa = PBXBuildFile; fileRef = 89BA4A392959CFD10082D38A /* unicorn.wav */; };
		89BA4A542959CFD20082D38A /* nose.wav in Resources */ = {isa = PBXBuildFile; fileRef = 89BA4A3A2959CFD10082D38A /* nose.wav */; };
		89BA4A552959CFD20082D38A /* duck.wav in Resources */ = {isa = PBXBuildFile; fileRef = 89BA4A3B2959CFD10082D38A /* duck.wav */; };
		89BA4A562959CFD20082D38A /* zoo.wav in Resources */ = {isa = PBXBuildFile; fileRef = 89BA4A3C2959CFD10082D38A /* zoo.wav */; };
		89BA4A572959CFD20082D38A /* mango.wav in Resources */ = {isa = PBXBuildFile; fileRef = 89BA4A3D2959CFD10082D38A /* mango.wav */; };
		89BA4A582959CFD20082D38A /* violin.wav in Resources */ = {isa = PBXBuildFile; fileRef = 89BA4A3E2959CFD10082D38A /* violin.wav */; };
		89BA4A592959CFD20082D38A /* lemon.wav in Resources */ = {isa = PBXBuildFile; fileRef = 89BA4A3F2959CFD20082D38A /* lemon.wav */; };
		89BA4A5A2959CFD20082D38A /* onion.wav in Resources */ = {isa = PBXBuildFile; fileRef = 89BA4A402959CFD20082D38A /* onion.wav */; };
		89BA4A5B2959CFD20082D38A /* key.wav in Resources */ = {isa = PBXBuildFile; fileRef = 89BA4A412959CFD20082D38A /* key.wav */; };
		89BA4A5C2959CFD20082D38A /* rat.wav in Resources */ = {isa = PBXBuildFile; fileRef = 89BA4A422959CFD20082D38A /* rat.wav */; };
		89BA4A5D2959CFD20082D38A /* balloon.wav in Resources */ = {isa = PBXBuildFile; fileRef = 89BA4A432959CFD20082D38A /* balloon.wav */; };
		89BA4A5E2959CFD20082D38A /* yoyo.wav in Resources */ = {isa = PBXBuildFile; fileRef = 89BA4A442959CFD20082D38A /* yoyo.wav */; };
		89BA4A5F2959CFD20082D38A /* hen.wav in Resources */ = {isa = PBXBuildFile; fileRef = 89BA4A452959CFD20082D38A /* hen.wav */; };
		89BA4A602959CFD20082D38A /* icecream.wav in Resources */ = {isa = PBXBuildFile; fileRef = 89BA4A462959CFD20082D38A /* icecream.wav */; };
		89BA4A622959F5110082D38A /* SubclassedTapGestureRecognizer.swift in Sources */ = {isa = PBXBuildFile; fileRef = 89BA4A612959F5110082D38A /* SubclassedTapGestureRecognizer.swift */; };
		89C19214294725480092A233 /* AppDelegate.swift in Sources */ = {isa = PBXBuildFile; fileRef = 89C19213294725480092A233 /* AppDelegate.swift */; };
		89C19216294725480092A233 /* SceneDelegate.swift in Sources */ = {isa = PBXBuildFile; fileRef = 89C19215294725480092A233 /* SceneDelegate.swift */; };
		89C19218294725480092A233 /* Level2ViewController.swift in Sources */ = {isa = PBXBuildFile; fileRef = 89C19217294725480092A233 /* Level2ViewController.swift */; };
		89C1921B294725480092A233 /* Main.storyboard in Resources */ = {isa = PBXBuildFile; fileRef = 89C19219294725480092A233 /* Main.storyboard */; };
		89C1921D2947254A0092A233 /* Assets.xcassets in Resources */ = {isa = PBXBuildFile; fileRef = 89C1921C2947254A0092A233 /* Assets.xcassets */; };
		89C192202947254A0092A233 /* LaunchScreen.storyboard in Resources */ = {isa = PBXBuildFile; fileRef = 89C1921E2947254A0092A233 /* LaunchScreen.storyboard */; };
		89C1922B2947254A0092A233 /* AbcTests.swift in Sources */ = {isa = PBXBuildFile; fileRef = 89C1922A2947254A0092A233 /* AbcTests.swift */; };
		89C192352947254A0092A233 /* AbcUITests.swift in Sources */ = {isa = PBXBuildFile; fileRef = 89C192342947254A0092A233 /* AbcUITests.swift */; };
		89C192372947254A0092A233 /* AbcUITestsLaunchTests.swift in Sources */ = {isa = PBXBuildFile; fileRef = 89C192362947254A0092A233 /* AbcUITestsLaunchTests.swift */; };
		89C27026295606ED0002DAE5 /* A.wav in Resources */ = {isa = PBXBuildFile; fileRef = 89C2700C295606ED0002DAE5 /* A.wav */; };
		89C27027295606ED0002DAE5 /* R.wav in Resources */ = {isa = PBXBuildFile; fileRef = 89C2700D295606ED0002DAE5 /* R.wav */; };
		89C27028295606ED0002DAE5 /* I.wav in Resources */ = {isa = PBXBuildFile; fileRef = 89C2700E295606ED0002DAE5 /* I.wav */; };
		89C27029295606ED0002DAE5 /* N.wav in Resources */ = {isa = PBXBuildFile; fileRef = 89C2700F295606ED0002DAE5 /* N.wav */; };
		89C2702A295606ED0002DAE5 /* Y.wav in Resources */ = {isa = PBXBuildFile; fileRef = 89C27010295606ED0002DAE5 /* Y.wav */; };
		89C2702B295606ED0002DAE5 /* E.wav in Resources */ = {isa = PBXBuildFile; fileRef = 89C27011295606ED0002DAE5 /* E.wav */; };
		89C2702C295606ED0002DAE5 /* S.wav in Resources */ = {isa = PBXBuildFile; fileRef = 89C27012295606ED0002DAE5 /* S.wav */; };
		89C2702D295606ED0002DAE5 /* B.wav in Resources */ = {isa = PBXBuildFile; fileRef = 89C27013295606ED0002DAE5 /* B.wav */; };
		89C2702E295606ED0002DAE5 /* V.wav in Resources */ = {isa = PBXBuildFile; fileRef = 89C27014295606ED0002DAE5 /* V.wav */; };
		89C2702F295606ED0002DAE5 /* P.wav in Resources */ = {isa = PBXBuildFile; fileRef = 89C27015295606ED0002DAE5 /* P.wav */; };
		89C27030295606ED0002DAE5 /* J.wav in Resources */ = {isa = PBXBuildFile; fileRef = 89C27016295606ED0002DAE5 /* J.wav */; };
		89C27031295606ED0002DAE5 /* T.wav in Resources */ = {isa = PBXBuildFile; fileRef = 89C27017295606ED0002DAE5 /* T.wav */; };
		89C27032295606ED0002DAE5 /* G.wav in Resources */ = {isa = PBXBuildFile; fileRef = 89C27018295606ED0002DAE5 /* G.wav */; };
		89C27033295606ED0002DAE5 /* D.wav in Resources */ = {isa = PBXBuildFile; fileRef = 89C27019295606ED0002DAE5 /* D.wav */; };
		89C27034295606ED0002DAE5 /* F.wav in Resources */ = {isa = PBXBuildFile; fileRef = 89C2701A295606ED0002DAE5 /* F.wav */; };
		89C27035295606ED0002DAE5 /* C.wav in Resources */ = {isa = PBXBuildFile; fileRef = 89C2701B295606ED0002DAE5 /* C.wav */; };
		89C27036295606ED0002DAE5 /* U.wav in Resources */ = {isa = PBXBuildFile; fileRef = 89C2701C295606ED0002DAE5 /* U.wav */; };
		89C27037295606ED0002DAE5 /* X.wav in Resources */ = {isa = PBXBuildFile; fileRef = 89C2701D295606ED0002DAE5 /* X.wav */; };
		89C27038295606ED0002DAE5 /* O.wav in Resources */ = {isa = PBXBuildFile; fileRef = 89C2701E295606ED0002DAE5 /* O.wav */; };
		89C27039295606ED0002DAE5 /* L.wav in Resources */ = {isa = PBXBuildFile; fileRef = 89C2701F295606ED0002DAE5 /* L.wav */; };
		89C2703A295606ED0002DAE5 /* W.wav in Resources */ = {isa = PBXBuildFile; fileRef = 89C27020295606ED0002DAE5 /* W.wav */; };
		89C2703B295606ED0002DAE5 /* K.wav in Resources */ = {isa = PBXBuildFile; fileRef = 89C27021295606ED0002DAE5 /* K.wav */; };
		89C2703C295606ED0002DAE5 /* Z.wav in Resources */ = {isa = PBXBuildFile; fileRef = 89C27022295606ED0002DAE5 /* Z.wav */; };
		89C2703D295606ED0002DAE5 /* M.wav in Resources */ = {isa = PBXBuildFile; fileRef = 89C27023295606ED0002DAE5 /* M.wav */; };
		89C2703E295606ED0002DAE5 /* Q.wav in Resources */ = {isa = PBXBuildFile; fileRef = 89C27024295606ED0002DAE5 /* Q.wav */; };
		89C2703F295606ED0002DAE5 /* H.wav in Resources */ = {isa = PBXBuildFile; fileRef = 89C27025295606ED0002DAE5 /* H.wav */; };
		89D4F7832954DD2C005D846D /* Level1ViewController.swift in Sources */ = {isa = PBXBuildFile; fileRef = 89D4F7822954DD2C005D846D /* Level1ViewController.swift */; };
/* End PBXBuildFile section */

/* Begin PBXContainerItemProxy section */
		89C192272947254A0092A233 /* PBXContainerItemProxy */ = {
			isa = PBXContainerItemProxy;
			containerPortal = 89C19208294725480092A233 /* Project object */;
			proxyType = 1;
			remoteGlobalIDString = 89C1920F294725480092A233;
			remoteInfo = Abc;
		};
		89C192312947254A0092A233 /* PBXContainerItemProxy */ = {
			isa = PBXContainerItemProxy;
			containerPortal = 89C19208294725480092A233 /* Project object */;
			proxyType = 1;
			remoteGlobalIDString = 89C1920F294725480092A233;
			remoteInfo = Abc;
		};
/* End PBXContainerItemProxy section */

/* Begin PBXFileReference section */
		8951F474295731DC00420422 /* Level3ViewController.swift */ = {isa = PBXFileReference; lastKnownFileType = sourcecode.swift; path = Level3ViewController.swift; sourceTree = "<group>"; };
		8983D994294A14CD00FFAE1D /* appConstants.swift */ = {isa = PBXFileReference; lastKnownFileType = sourcecode.swift; path = appConstants.swift; sourceTree = "<group>"; };
		898EFFA5294D99F900BCEF4A /* appOperations.swift */ = {isa = PBXFileReference; lastKnownFileType = sourcecode.swift; path = appOperations.swift; sourceTree = "<group>"; };
		899A475F295231CC0017CC7E /* StartViewController.swift */ = {isa = PBXFileReference; lastKnownFileType = sourcecode.swift; path = StartViewController.swift; sourceTree = "<group>"; };
		899A4761295239590017CC7E /* nest.mp3 */ = {isa = PBXFileReference; lastKnownFileType = audio.mp3; path = nest.mp3; sourceTree = "<group>"; };
		899A4762295239590017CC7E /* parrot.mp3 */ = {isa = PBXFileReference; lastKnownFileType = audio.mp3; path = parrot.mp3; sourceTree = "<group>"; };
		89A03FC22950671900E5914C /* apple.mp3 */ = {isa = PBXFileReference; lastKnownFileType = audio.mp3; path = apple.mp3; sourceTree = "<group>"; };
		89A03FC32950671900E5914C /* dog.mp3 */ = {isa = PBXFileReference; lastKnownFileType = audio.mp3; path = dog.mp3; sourceTree = "<group>"; };
		89A03FC42950671900E5914C /* goat.mp3 */ = {isa = PBXFileReference; lastKnownFileType = audio.mp3; path = goat.mp3; sourceTree = "<group>"; };
		89A03FC62950671900E5914C /* juice.mp3 */ = {isa = PBXFileReference; lastKnownFileType = audio.mp3; path = juice.mp3; sourceTree = "<group>"; };
		89A03FC72950671900E5914C /* horse.mp3 */ = {isa = PBXFileReference; lastKnownFileType = audio.mp3; path = horse.mp3; sourceTree = "<group>"; };
		89A03FC82950671900E5914C /* tiger.mp3 */ = {isa = PBXFileReference; lastKnownFileType = audio.mp3; path = tiger.mp3; sourceTree = "<group>"; };
		89A03FC92950671900E5914C /* kite.mp3 */ = {isa = PBXFileReference; lastKnownFileType = audio.mp3; path = kite.mp3; sourceTree = "<group>"; };
		89A03FCA2950671900E5914C /* van.mp3 */ = {isa = PBXFileReference; lastKnownFileType = audio.mp3; path = van.mp3; sourceTree = "<group>"; };
		89A03FCB2950671900E5914C /* elephant.mp3 */ = {isa = PBXFileReference; lastKnownFileType = audio.mp3; path = elephant.mp3; sourceTree = "<group>"; };
		89A03FCC2950671900E5914C /* monkey.mp3 */ = {isa = PBXFileReference; lastKnownFileType = audio.mp3; path = monkey.mp3; sourceTree = "<group>"; };
		89A03FCD2950671900E5914C /* ball.mp3 */ = {isa = PBXFileReference; lastKnownFileType = audio.mp3; path = ball.mp3; sourceTree = "<group>"; };
		89A03FCE2950671900E5914C /* queen.mp3 */ = {isa = PBXFileReference; lastKnownFileType = audio.mp3; path = queen.mp3; sourceTree = "<group>"; };
		89A03FCF2950671900E5914C /* umbrella.mp3 */ = {isa = PBXFileReference; lastKnownFileType = audio.mp3; path = umbrella.mp3; sourceTree = "<group>"; };
		89A03FD02950671900E5914C /* lion.mp3 */ = {isa = PBXFileReference; lastKnownFileType = audio.mp3; path = lion.mp3; sourceTree = "<group>"; };
		89A03FD12950671900E5914C /* ice.mp3 */ = {isa = PBXFileReference; lastKnownFileType = audio.mp3; path = ice.mp3; sourceTree = "<group>"; };
		89A03FD22950671900E5914C /* cat.mp3 */ = {isa = PBXFileReference; lastKnownFileType = audio.mp3; path = cat.mp3; sourceTree = "<group>"; };
		89A03FD42950671900E5914C /* rabbit.mp3 */ = {isa = PBXFileReference; lastKnownFileType = audio.mp3; path = rabbit.mp3; sourceTree = "<group>"; };
		89A03FD52950671900E5914C /* yak.mp3 */ = {isa = PBXFileReference; lastKnownFileType = audio.mp3; path = yak.mp3; sourceTree = "<group>"; };
		89A03FD62950671900E5914C /* zebra.mp3 */ = {isa = PBXFileReference; lastKnownFileType = audio.mp3; path = zebra.mp3; sourceTree = "<group>"; };
		89A03FD72950671900E5914C /* xylophone.mp3 */ = {isa = PBXFileReference; lastKnownFileType = audio.mp3; path = xylophone.mp3; sourceTree = "<group>"; };
		89A03FD82950671900E5914C /* water.mp3 */ = {isa = PBXFileReference; lastKnownFileType = audio.mp3; path = water.mp3; sourceTree = "<group>"; };
		89A03FD92950671900E5914C /* fish.mp3 */ = {isa = PBXFileReference; lastKnownFileType = audio.mp3; path = fish.mp3; sourceTree = "<group>"; };
		89A03FDA2950671900E5914C /* sun.mp3 */ = {isa = PBXFileReference; lastKnownFileType = audio.mp3; path = sun.mp3; sourceTree = "<group>"; };
		89A03FDB2950671900E5914C /* orange.mp3 */ = {isa = PBXFileReference; lastKnownFileType = audio.mp3; path = orange.mp3; sourceTree = "<group>"; };
		89BA4A2D2959CFD10082D38A /* pen.wav */ = {isa = PBXFileReference; lastKnownFileType = audio.wav; path = pen.wav; sourceTree = "<group>"; };
		89BA4A2E2959CFD10082D38A /* egg.wav */ = {isa = PBXFileReference; lastKnownFileType = audio.wav; path = egg.wav; sourceTree = "<group>"; };
		89BA4A2F2959CFD10082D38A /* watch.wav */ = {isa = PBXFileReference; lastKnownFileType = audio.wav; path = watch.wav; sourceTree = "<group>"; };
		89BA4A302959CFD10082D38A /* giraffe.wav */ = {isa = PBXFileReference; lastKnownFileType = audio.wav; path = giraffe.wav; sourceTree = "<group>"; };
		89BA4A312959CFD10082D38A /* spoon.wav */ = {isa = PBXFileReference; lastKnownFileType = audio.wav; path = spoon.wav; sourceTree = "<group>"; };
		89BA4A322959CFD10082D38A /* train.wav */ = {isa = PBXFileReference; lastKnownFileType = audio.wav; path = train.wav; sourceTree = "<group>"; };
		89BA4A332959CFD10082D38A /* quiet.wav */ = {isa = PBXFileReference; lastKnownFileType = audio.wav; path = quiet.wav; sourceTree = "<group>"; };
		89BA4A342959CFD10082D38A /* car.wav */ = {isa = PBXFileReference; lastKnownFileType = audio.wav; path = car.wav; sourceTree = "<group>"; };
		89BA4A352959CFD10082D38A /* xmastree.wav */ = {isa = PBXFileReference; lastKnownFileType = audio.wav; path = xmastree.wav; sourceTree = "<group>"; };
		89BA4A362959CFD10082D38A /* jellyfish.wav */ = {isa = PBXFileReference; lastKnownFileType = audio.wav; path = jellyfish.wav; sourceTree = "<group>"; };
		89BA4A372959CFD10082D38A /* ant.wav */ = {isa = PBXFileReference; lastKnownFileType = audio.wav; path = ant.wav; sourceTree = "<group>"; };
		89BA4A382959CFD10082D38A /* flower.wav */ = {isa = PBXFileReference; lastKnownFileType = audio.wav; path = flower.wav; sourceTree = "<group>"; };
		89BA4A392959CFD10082D38A /* unicorn.wav */ = {isa = PBXFileReference; lastKnownFileType = audio.wav; path = unicorn.wav; sourceTree = "<group>"; };
		89BA4A3A2959CFD10082D38A /* nose.wav */ = {isa = PBXFileReference; lastKnownFileType = audio.wav; path = nose.wav; sourceTree = "<group>"; };
		89BA4A3B2959CFD10082D38A /* duck.wav */ = {isa = PBXFileReference; lastKnownFileType = audio.wav; path = duck.wav; sourceTree = "<group>"; };
		89BA4A3C2959CFD10082D38A /* zoo.wav */ = {isa = PBXFileReference; lastKnownFileType = audio.wav; path = zoo.wav; sourceTree = "<group>"; };
		89BA4A3D2959CFD10082D38A /* mango.wav */ = {isa = PBXFileReference; lastKnownFileType = audio.wav; path = mango.wav; sourceTree = "<group>"; };
		89BA4A3E2959CFD10082D38A /* violin.wav */ = {isa = PBXFileReference; lastKnownFileType = audio.wav; path = violin.wav; sourceTree = "<group>"; };
		89BA4A3F2959CFD20082D38A /* lemon.wav */ = {isa = PBXFileReference; lastKnownFileType = audio.wav; path = lemon.wav; sourceTree = "<group>"; };
		89BA4A402959CFD20082D38A /* onion.wav */ = {isa = PBXFileReference; lastKnownFileType = audio.wav; path = onion.wav; sourceTree = "<group>"; };
		89BA4A412959CFD20082D38A /* key.wav */ = {isa = PBXFileReference; lastKnownFileType = audio.wav; path = key.wav; sourceTree = "<group>"; };
		89BA4A422959CFD20082D38A /* rat.wav */ = {isa = PBXFileReference; lastKnownFileType = audio.wav; path = rat.wav; sourceTree = "<group>"; };
		89BA4A432959CFD20082D38A /* balloon.wav */ = {isa = PBXFileReference; lastKnownFileType = audio.wav; path = balloon.wav; sourceTree = "<group>"; };
		89BA4A442959CFD20082D38A /* yoyo.wav */ = {isa = PBXFileReference; lastKnownFileType = audio.wav; path = yoyo.wav; sourceTree = "<group>"; };
		89BA4A452959CFD20082D38A /* hen.wav */ = {isa = PBXFileReference; lastKnownFileType = audio.wav; path = hen.wav; sourceTree = "<group>"; };
		89BA4A462959CFD20082D38A /* icecream.wav */ = {isa = PBXFileReference; lastKnownFileType = audio.wav; path = icecream.wav; sourceTree = "<group>"; };
		89BA4A612959F5110082D38A /* SubclassedTapGestureRecognizer.swift */ = {isa = PBXFileReference; lastKnownFileType = sourcecode.swift; path = SubclassedTapGestureRecognizer.swift; sourceTree = "<group>"; };
		89C19210294725480092A233 /* Abc.app */ = {isa = PBXFileReference; explicitFileType = wrapper.application; includeInIndex = 0; path = Abc.app; sourceTree = BUILT_PRODUCTS_DIR; };
		89C19213294725480092A233 /* AppDelegate.swift */ = {isa = PBXFileReference; lastKnownFileType = sourcecode.swift; path = AppDelegate.swift; sourceTree = "<group>"; };
		89C19215294725480092A233 /* SceneDelegate.swift */ = {isa = PBXFileReference; lastKnownFileType = sourcecode.swift; path = SceneDelegate.swift; sourceTree = "<group>"; };
		89C19217294725480092A233 /* Level2ViewController.swift */ = {isa = PBXFileReference; lastKnownFileType = sourcecode.swift; name = Level2ViewController.swift; path = Abc/Level2ViewController.swift; sourceTree = SOURCE_ROOT; usesTabs = 0; };
		89C1921A294725480092A233 /* Base */ = {isa = PBXFileReference; lastKnownFileType = file.storyboard; name = Base; path = Base.lproj/Main.storyboard; sourceTree = "<group>"; };
		89C1921C2947254A0092A233 /* Assets.xcassets */ = {isa = PBXFileReference; lastKnownFileType = folder.assetcatalog; path = Assets.xcassets; sourceTree = "<group>"; };
		89C1921F2947254A0092A233 /* Base */ = {isa = PBXFileReference; lastKnownFileType = file.storyboard; name = Base; path = Base.lproj/LaunchScreen.storyboard; sourceTree = "<group>"; };
		89C192212947254A0092A233 /* Info.plist */ = {isa = PBXFileReference; lastKnownFileType = text.plist.xml; path = Info.plist; sourceTree = "<group>"; };
		89C192262947254A0092A233 /* AbcTests.xctest */ = {isa = PBXFileReference; explicitFileType = wrapper.cfbundle; includeInIndex = 0; path = AbcTests.xctest; sourceTree = BUILT_PRODUCTS_DIR; };
		89C1922A2947254A0092A233 /* AbcTests.swift */ = {isa = PBXFileReference; lastKnownFileType = sourcecode.swift; path = AbcTests.swift; sourceTree = "<group>"; };
		89C192302947254A0092A233 /* AbcUITests.xctest */ = {isa = PBXFileReference; explicitFileType = wrapper.cfbundle; includeInIndex = 0; path = AbcUITests.xctest; sourceTree = BUILT_PRODUCTS_DIR; };
		89C192342947254A0092A233 /* AbcUITests.swift */ = {isa = PBXFileReference; lastKnownFileType = sourcecode.swift; path = AbcUITests.swift; sourceTree = "<group>"; };
		89C192362947254A0092A233 /* AbcUITestsLaunchTests.swift */ = {isa = PBXFileReference; lastKnownFileType = sourcecode.swift; path = AbcUITestsLaunchTests.swift; sourceTree = "<group>"; };
		89C2700C295606ED0002DAE5 /* A.wav */ = {isa = PBXFileReference; lastKnownFileType = audio.wav; path = A.wav; sourceTree = "<group>"; };
		89C2700D295606ED0002DAE5 /* R.wav */ = {isa = PBXFileReference; lastKnownFileType = audio.wav; path = R.wav; sourceTree = "<group>"; };
		89C2700E295606ED0002DAE5 /* I.wav */ = {isa = PBXFileReference; lastKnownFileType = audio.wav; path = I.wav; sourceTree = "<group>"; };
		89C2700F295606ED0002DAE5 /* N.wav */ = {isa = PBXFileReference; lastKnownFileType = audio.wav; path = N.wav; sourceTree = "<group>"; };
		89C27010295606ED0002DAE5 /* Y.wav */ = {isa = PBXFileReference; lastKnownFileType = audio.wav; path = Y.wav; sourceTree = "<group>"; };
		89C27011295606ED0002DAE5 /* E.wav */ = {isa = PBXFileReference; lastKnownFileType = audio.wav; path = E.wav; sourceTree = "<group>"; };
		89C27012295606ED0002DAE5 /* S.wav */ = {isa = PBXFileReference; lastKnownFileType = audio.wav; path = S.wav; sourceTree = "<group>"; };
		89C27013295606ED0002DAE5 /* B.wav */ = {isa = PBXFileReference; lastKnownFileType = audio.wav; path = B.wav; sourceTree = "<group>"; };
		89C27014295606ED0002DAE5 /* V.wav */ = {isa = PBXFileReference; lastKnownFileType = audio.wav; path = V.wav; sourceTree = "<group>"; };
		89C27015295606ED0002DAE5 /* P.wav */ = {isa = PBXFileReference; lastKnownFileType = audio.wav; path = P.wav; sourceTree = "<group>"; };
		89C27016295606ED0002DAE5 /* J.wav */ = {isa = PBXFileReference; lastKnownFileType = audio.wav; path = J.wav; sourceTree = "<group>"; };
		89C27017295606ED0002DAE5 /* T.wav */ = {isa = PBXFileReference; lastKnownFileType = audio.wav; path = T.wav; sourceTree = "<group>"; };
		89C27018295606ED0002DAE5 /* G.wav */ = {isa = PBXFileReference; lastKnownFileType = audio.wav; path = G.wav; sourceTree = "<group>"; };
		89C27019295606ED0002DAE5 /* D.wav */ = {isa = PBXFileReference; lastKnownFileType = audio.wav; path = D.wav; sourceTree = "<group>"; };
		89C2701A295606ED0002DAE5 /* F.wav */ = {isa = PBXFileReference; lastKnownFileType = audio.wav; path = F.wav; sourceTree = "<group>"; };
		89C2701B295606ED0002DAE5 /* C.wav */ = {isa = PBXFileReference; lastKnownFileType = audio.wav; path = C.wav; sourceTree = "<group>"; };
		89C2701C295606ED0002DAE5 /* U.wav */ = {isa = PBXFileReference; lastKnownFileType = audio.wav; path = U.wav; sourceTree = "<group>"; };
		89C2701D295606ED0002DAE5 /* X.wav */ = {isa = PBXFileReference; lastKnownFileType = audio.wav; path = X.wav; sourceTree = "<group>"; };
		89C2701E295606ED0002DAE5 /* O.wav */ = {isa = PBXFileReference; lastKnownFileType = audio.wav; path = O.wav; sourceTree = "<group>"; };
		89C2701F295606ED0002DAE5 /* L.wav */ = {isa = PBXFileReference; lastKnownFileType = audio.wav; path = L.wav; sourceTree = "<group>"; };
		89C27020295606ED0002DAE5 /* W.wav */ = {isa = PBXFileReference; lastKnownFileType = audio.wav; path = W.wav; sourceTree = "<group>"; };
		89C27021295606ED0002DAE5 /* K.wav */ = {isa = PBXFileReference; lastKnownFileType = audio.wav; path = K.wav; sourceTree = "<group>"; };
		89C27022295606ED0002DAE5 /* Z.wav */ = {isa = PBXFileReference; lastKnownFileType = audio.wav; path = Z.wav; sourceTree = "<group>"; };
		89C27023295606ED0002DAE5 /* M.wav */ = {isa = PBXFileReference; lastKnownFileType = audio.wav; path = M.wav; sourceTree = "<group>"; };
		89C27024295606ED0002DAE5 /* Q.wav */ = {isa = PBXFileReference; lastKnownFileType = audio.wav; path = Q.wav; sourceTree = "<group>"; };
		89C27025295606ED0002DAE5 /* H.wav */ = {isa = PBXFileReference; lastKnownFileType = audio.wav; path = H.wav; sourceTree = "<group>"; };
		89CD7160294987D700D52ED8 /* en */ = {isa = PBXFileReference; lastKnownFileType = text.plist.strings; name = en; path = en.lproj/Main.strings; sourceTree = "<group>"; };
		89D4F7822954DD2C005D846D /* Level1ViewController.swift */ = {isa = PBXFileReference; lastKnownFileType = sourcecode.swift; path = Level1ViewController.swift; sourceTree = "<group>"; };
/* End PBXFileReference section */

/* Begin PBXFrameworksBuildPhase section */
		89C1920D294725480092A233 /* Frameworks */ = {
			isa = PBXFrameworksBuildPhase;
			buildActionMask = 2147483647;
			files = (
			);
			runOnlyForDeploymentPostprocessing = 0;
		};
		89C192232947254A0092A233 /* Frameworks */ = {
			isa = PBXFrameworksBuildPhase;
			buildActionMask = 2147483647;
			files = (
			);
			runOnlyForDeploymentPostprocessing = 0;
		};
		89C1922D2947254A0092A233 /* Frameworks */ = {
			isa = PBXFrameworksBuildPhase;
			buildActionMask = 2147483647;
			files = (
			);
			runOnlyForDeploymentPostprocessing = 0;
		};
/* End PBXFrameworksBuildPhase section */

/* Begin PBXGroup section */
		89A03FC0295066C200E5914C /* Sounds */ = {
			isa = PBXGroup;
			children = (
				89BA4A2C2959CFB70082D38A /* Level3 */,
				89C2700B295606C60002DAE5 /* Level1 */,
				89A03FC1295066C900E5914C /* Level2 */,
			);
			path = Sounds;
			sourceTree = "<group>";
		};
		89A03FC1295066C900E5914C /* Level2 */ = {
			isa = PBXGroup;
			children = (
				899A4761295239590017CC7E /* nest.mp3 */,
				899A4762295239590017CC7E /* parrot.mp3 */,
				89A03FC22950671900E5914C /* apple.mp3 */,
				89A03FCD2950671900E5914C /* ball.mp3 */,
				89A03FD22950671900E5914C /* cat.mp3 */,
				89A03FC32950671900E5914C /* dog.mp3 */,
				89A03FCB2950671900E5914C /* elephant.mp3 */,
				89A03FD92950671900E5914C /* fish.mp3 */,
				89A03FC42950671900E5914C /* goat.mp3 */,
				89A03FC72950671900E5914C /* horse.mp3 */,
				89A03FD12950671900E5914C /* ice.mp3 */,
				89A03FC62950671900E5914C /* juice.mp3 */,
				89A03FC92950671900E5914C /* kite.mp3 */,
				89A03FD02950671900E5914C /* lion.mp3 */,
				89A03FCC2950671900E5914C /* monkey.mp3 */,
				89A03FDB2950671900E5914C /* orange.mp3 */,
				89A03FCE2950671900E5914C /* queen.mp3 */,
				89A03FD42950671900E5914C /* rabbit.mp3 */,
				89A03FDA2950671900E5914C /* sun.mp3 */,
				89A03FC82950671900E5914C /* tiger.mp3 */,
				89A03FCF2950671900E5914C /* umbrella.mp3 */,
				89A03FCA2950671900E5914C /* van.mp3 */,
				89A03FD82950671900E5914C /* water.mp3 */,
				89A03FD72950671900E5914C /* xylophone.mp3 */,
				89A03FD52950671900E5914C /* yak.mp3 */,
				89A03FD62950671900E5914C /* zebra.mp3 */,
			);
			path = Level2;
			sourceTree = "<group>";
		};
		89BA4A2C2959CFB70082D38A /* Level3 */ = {
			isa = PBXGroup;
			children = (
				89BA4A372959CFD10082D38A /* ant.wav */,
				89BA4A432959CFD20082D38A /* balloon.wav */,
				89BA4A342959CFD10082D38A /* car.wav */,
				89BA4A3B2959CFD10082D38A /* duck.wav */,
				89BA4A2E2959CFD10082D38A /* egg.wav */,
				89BA4A382959CFD10082D38A /* flower.wav */,
				89BA4A302959CFD10082D38A /* giraffe.wav */,
				89BA4A452959CFD20082D38A /* hen.wav */,
				89BA4A462959CFD20082D38A /* icecream.wav */,
				89BA4A362959CFD10082D38A /* jellyfish.wav */,
				89BA4A412959CFD20082D38A /* key.wav */,
				89BA4A3F2959CFD20082D38A /* lemon.wav */,
				89BA4A3D2959CFD10082D38A /* mango.wav */,
				89BA4A3A2959CFD10082D38A /* nose.wav */,
				89BA4A402959CFD20082D38A /* onion.wav */,
				89BA4A2D2959CFD10082D38A /* pen.wav */,
				89BA4A332959CFD10082D38A /* quiet.wav */,
				89BA4A422959CFD20082D38A /* rat.wav */,
				89BA4A312959CFD10082D38A /* spoon.wav */,
				89BA4A322959CFD10082D38A /* train.wav */,
				89BA4A392959CFD10082D38A /* unicorn.wav */,
				89BA4A3E2959CFD10082D38A /* violin.wav */,
				89BA4A2F2959CFD10082D38A /* watch.wav */,
				89BA4A352959CFD10082D38A /* xmastree.wav */,
				89BA4A442959CFD20082D38A /* yoyo.wav */,
				89BA4A3C2959CFD10082D38A /* zoo.wav */,
			);
			path = Level3;
			sourceTree = "<group>";
		};
		89C19207294725480092A233 = {
			isa = PBXGroup;
			children = (
				89C19212294725480092A233 /* Abc */,
				89C192292947254A0092A233 /* AbcTests */,
				89C192332947254A0092A233 /* AbcUITests */,
				89C19211294725480092A233 /* Products */,
			);
			sourceTree = "<group>";
		};
		89C19211294725480092A233 /* Products */ = {
			isa = PBXGroup;
			children = (
				89C19210294725480092A233 /* Abc.app */,
				89C192262947254A0092A233 /* AbcTests.xctest */,
				89C192302947254A0092A233 /* AbcUITests.xctest */,
			);
			name = Products;
			sourceTree = "<group>";
		};
		89C19212294725480092A233 /* Abc */ = {
			isa = PBXGroup;
			children = (
				89A03FC0295066C200E5914C /* Sounds */,
				89C19213294725480092A233 /* AppDelegate.swift */,
				89C19215294725480092A233 /* SceneDelegate.swift */,
				899A475F295231CC0017CC7E /* StartViewController.swift */,
				89D4F7822954DD2C005D846D /* Level1ViewController.swift */,
				89C19217294725480092A233 /* Level2ViewController.swift */,
				8951F474295731DC00420422 /* Level3ViewController.swift */,
				89BA4A612959F5110082D38A /* SubclassedTapGestureRecognizer.swift */,
				898EFFA5294D99F900BCEF4A /* appOperations.swift */,
				8983D994294A14CD00FFAE1D /* appConstants.swift */,
				89C19219294725480092A233 /* Main.storyboard */,
				89C1921C2947254A0092A233 /* Assets.xcassets */,
				89C1921E2947254A0092A233 /* LaunchScreen.storyboard */,
				89C192212947254A0092A233 /* Info.plist */,
			);
			path = Abc;
			sourceTree = "<group>";
			usesTabs = 0;
		};
		89C192292947254A0092A233 /* AbcTests */ = {
			isa = PBXGroup;
			children = (
				89C1922A2947254A0092A233 /* AbcTests.swift */,
			);
			path = AbcTests;
			sourceTree = "<group>";
		};
		89C192332947254A0092A233 /* AbcUITests */ = {
			isa = PBXGroup;
			children = (
				89C192342947254A0092A233 /* AbcUITests.swift */,
				89C192362947254A0092A233 /* AbcUITestsLaunchTests.swift */,
			);
			path = AbcUITests;
			sourceTree = "<group>";
		};
		89C2700B295606C60002DAE5 /* Level1 */ = {
			isa = PBXGroup;
			children = (
				89C2700C295606ED0002DAE5 /* A.wav */,
				89C27013295606ED0002DAE5 /* B.wav */,
				89C2701B295606ED0002DAE5 /* C.wav */,
				89C27019295606ED0002DAE5 /* D.wav */,
				89C27011295606ED0002DAE5 /* E.wav */,
				89C2701A295606ED0002DAE5 /* F.wav */,
				89C27018295606ED0002DAE5 /* G.wav */,
				89C27025295606ED0002DAE5 /* H.wav */,
				89C2700E295606ED0002DAE5 /* I.wav */,
				89C27016295606ED0002DAE5 /* J.wav */,
				89C27021295606ED0002DAE5 /* K.wav */,
				89C2701F295606ED0002DAE5 /* L.wav */,
				89C27023295606ED0002DAE5 /* M.wav */,
				89C2700F295606ED0002DAE5 /* N.wav */,
				89C2701E295606ED0002DAE5 /* O.wav */,
				89C27015295606ED0002DAE5 /* P.wav */,
				89C27024295606ED0002DAE5 /* Q.wav */,
				89C2700D295606ED0002DAE5 /* R.wav */,
				89C27012295606ED0002DAE5 /* S.wav */,
				89C27017295606ED0002DAE5 /* T.wav */,
				89C2701C295606ED0002DAE5 /* U.wav */,
				89C27014295606ED0002DAE5 /* V.wav */,
				89C27020295606ED0002DAE5 /* W.wav */,
				89C2701D295606ED0002DAE5 /* X.wav */,
				89C27010295606ED0002DAE5 /* Y.wav */,
				89C27022295606ED0002DAE5 /* Z.wav */,
			);
			path = Level1;
			sourceTree = "<group>";
		};
/* End PBXGroup section */

/* Begin PBXNativeTarget section */
		89C1920F294725480092A233 /* Abc */ = {
			isa = PBXNativeTarget;
			buildConfigurationList = 89C1923A2947254A0092A233 /* Build configuration list for PBXNativeTarget "Abc" */;
			buildPhases = (
				89C1920C294725480092A233 /* Sources */,
				89C1920D294725480092A233 /* Frameworks */,
				89C1920E294725480092A233 /* Resources */,
			);
			buildRules = (
			);
			dependencies = (
			);
			name = Abc;
			productName = Abc;
			productReference = 89C19210294725480092A233 /* Abc.app */;
			productType = "com.apple.product-type.application";
		};
		89C192252947254A0092A233 /* AbcTests */ = {
			isa = PBXNativeTarget;
			buildConfigurationList = 89C1923D2947254A0092A233 /* Build configuration list for PBXNativeTarget "AbcTests" */;
			buildPhases = (
				89C192222947254A0092A233 /* Sources */,
				89C192232947254A0092A233 /* Frameworks */,
				89C192242947254A0092A233 /* Resources */,
			);
			buildRules = (
			);
			dependencies = (
				89C192282947254A0092A233 /* PBXTargetDependency */,
			);
			name = AbcTests;
			productName = AbcTests;
			productReference = 89C192262947254A0092A233 /* AbcTests.xctest */;
			productType = "com.apple.product-type.bundle.unit-test";
		};
		89C1922F2947254A0092A233 /* AbcUITests */ = {
			isa = PBXNativeTarget;
			buildConfigurationList = 89C192402947254A0092A233 /* Build configuration list for PBXNativeTarget "AbcUITests" */;
			buildPhases = (
				89C1922C2947254A0092A233 /* Sources */,
				89C1922D2947254A0092A233 /* Frameworks */,
				89C1922E2947254A0092A233 /* Resources */,
			);
			buildRules = (
			);
			dependencies = (
				89C192322947254A0092A233 /* PBXTargetDependency */,
			);
			name = AbcUITests;
			productName = AbcUITests;
			productReference = 89C192302947254A0092A233 /* AbcUITests.xctest */;
			productType = "com.apple.product-type.bundle.ui-testing";
		};
/* End PBXNativeTarget section */

/* Begin PBXProject section */
		89C19208294725480092A233 /* Project object */ = {
			isa = PBXProject;
			attributes = {
				BuildIndependentTargetsInParallel = 1;
				LastSwiftUpdateCheck = 1410;
				LastUpgradeCheck = 1410;
				TargetAttributes = {
					89C1920F294725480092A233 = {
						CreatedOnToolsVersion = 14.1;
					};
					89C192252947254A0092A233 = {
						CreatedOnToolsVersion = 14.1;
						TestTargetID = 89C1920F294725480092A233;
					};
					89C1922F2947254A0092A233 = {
						CreatedOnToolsVersion = 14.1;
						TestTargetID = 89C1920F294725480092A233;
					};
				};
			};
			buildConfigurationList = 89C1920B294725480092A233 /* Build configuration list for PBXProject "Abc" */;
			compatibilityVersion = "Xcode 14.0";
			developmentRegion = en;
			hasScannedForEncodings = 0;
			knownRegions = (
				en,
				Base,
			);
			mainGroup = 89C19207294725480092A233;
			productRefGroup = 89C19211294725480092A233 /* Products */;
			projectDirPath = "";
			projectRoot = "";
			targets = (
				89C1920F294725480092A233 /* Abc */,
				89C192252947254A0092A233 /* AbcTests */,
				89C1922F2947254A0092A233 /* AbcUITests */,
			);
		};
/* End PBXProject section */

/* Begin PBXResourcesBuildPhase section */
		89C1920E294725480092A233 /* Resources */ = {
			isa = PBXResourcesBuildPhase;
			buildActionMask = 2147483647;
			files = (
				89C2703F295606ED0002DAE5 /* H.wav in Resources */,
				89BA4A522959CFD20082D38A /* flower.wav in Resources */,
				89BA4A582959CFD20082D38A /* violin.wav in Resources */,
				89C2703A295606ED0002DAE5 /* W.wav in Resources */,
				89C27038295606ED0002DAE5 /* O.wav in Resources */,
				89BA4A4D2959CFD20082D38A /* quiet.wav in Resources */,
				89C27029295606ED0002DAE5 /* N.wav in Resources */,
				89BA4A542959CFD20082D38A /* nose.wav in Resources */,
				89C192202947254A0092A233 /* LaunchScreen.storyboard in Resources */,
				89C27039295606ED0002DAE5 /* L.wav in Resources */,
				89BA4A472959CFD20082D38A /* pen.wav in Resources */,
				89A03FE82950671900E5914C /* queen.mp3 in Resources */,
				89BA4A5D2959CFD20082D38A /* balloon.wav in Resources */,
				89A03FE32950671900E5914C /* kite.mp3 in Resources */,
				89C27036295606ED0002DAE5 /* U.wav in Resources */,
				89BA4A562959CFD20082D38A /* zoo.wav in Resources */,
				89A03FEE2950671900E5914C /* rabbit.mp3 in Resources */,
				89A03FEC2950671900E5914C /* cat.mp3 in Resources */,
				899A4763295239590017CC7E /* nest.mp3 in Resources */,
				89A03FDD2950671900E5914C /* dog.mp3 in Resources */,
				89A03FE52950671900E5914C /* elephant.mp3 in Resources */,
				89BA4A5B2959CFD20082D38A /* key.wav in Resources */,
				89A03FE12950671900E5914C /* horse.mp3 in Resources */,
				89A03FDC2950671900E5914C /* apple.mp3 in Resources */,
				89BA4A4E2959CFD20082D38A /* car.wav in Resources */,
				89C27034295606ED0002DAE5 /* F.wav in Resources */,
				89C27030295606ED0002DAE5 /* J.wav in Resources */,
				89C27031295606ED0002DAE5 /* T.wav in Resources */,
				89C27028295606ED0002DAE5 /* I.wav in Resources */,
				89C2703D295606ED0002DAE5 /* M.wav in Resources */,
				89C27035295606ED0002DAE5 /* C.wav in Resources */,
				89C2702C295606ED0002DAE5 /* S.wav in Resources */,
				89A03FE92950671900E5914C /* umbrella.mp3 in Resources */,
				899A4764295239590017CC7E /* parrot.mp3 in Resources */,
				89C2702F295606ED0002DAE5 /* P.wav in Resources */,
				89BA4A482959CFD20082D38A /* egg.wav in Resources */,
				89A03FF22950671900E5914C /* water.mp3 in Resources */,
				89C27033295606ED0002DAE5 /* D.wav in Resources */,
				89BA4A592959CFD20082D38A /* lemon.wav in Resources */,
				89A03FEB2950671900E5914C /* ice.mp3 in Resources */,
				89A03FEA2950671900E5914C /* lion.mp3 in Resources */,
				89A03FE22950671900E5914C /* tiger.mp3 in Resources */,
				89A03FE42950671900E5914C /* van.mp3 in Resources */,
				89BA4A512959CFD20082D38A /* ant.wav in Resources */,
				89A03FE02950671900E5914C /* juice.mp3 in Resources */,
				89A03FF02950671900E5914C /* zebra.mp3 in Resources */,
				89BA4A5F2959CFD20082D38A /* hen.wav in Resources */,
				89A03FE72950671900E5914C /* ball.mp3 in Resources */,
				89C2702A295606ED0002DAE5 /* Y.wav in Resources */,
				89BA4A5C2959CFD20082D38A /* rat.wav in Resources */,
				89BA4A492959CFD20082D38A /* watch.wav in Resources */,
				89A03FF12950671900E5914C /* xylophone.mp3 in Resources */,
				89BA4A552959CFD20082D38A /* duck.wav in Resources */,
				89BA4A4B2959CFD20082D38A /* spoon.wav in Resources */,
				89C2703E295606ED0002DAE5 /* Q.wav in Resources */,
				89C1921D2947254A0092A233 /* Assets.xcassets in Resources */,
				89A03FF42950671900E5914C /* sun.mp3 in Resources */,
				89C27032295606ED0002DAE5 /* G.wav in Resources */,
				89BA4A532959CFD20082D38A /* unicorn.wav in Resources */,
				89BA4A502959CFD20082D38A /* jellyfish.wav in Resources */,
				89C1921B294725480092A233 /* Main.storyboard in Resources */,
				89C27037295606ED0002DAE5 /* X.wav in Resources */,
				89BA4A4F2959CFD20082D38A /* xmastree.wav in Resources */,
				89C2702D295606ED0002DAE5 /* B.wav in Resources */,
				89C2702E295606ED0002DAE5 /* V.wav in Resources */,
				89BA4A5E2959CFD20082D38A /* yoyo.wav in Resources */,
				89C2703B295606ED0002DAE5 /* K.wav in Resources */,
				89C2703C295606ED0002DAE5 /* Z.wav in Resources */,
				89C27026295606ED0002DAE5 /* A.wav in Resources */,
				89BA4A4C2959CFD20082D38A /* train.wav in Resources */,
				89BA4A572959CFD20082D38A /* mango.wav in Resources */,
				89A03FEF2950671900E5914C /* yak.mp3 in Resources */,
				89C27027295606ED0002DAE5 /* R.wav in Resources */,
				89A03FDE2950671900E5914C /* goat.mp3 in Resources */,
				89C2702B295606ED0002DAE5 /* E.wav in Resources */,
				89A03FF52950671900E5914C /* orange.mp3 in Resources */,
				89A03FF32950671900E5914C /* fish.mp3 in Resources */,
				89BA4A602959CFD20082D38A /* icecream.wav in Resources */,
				89BA4A4A2959CFD20082D38A /* giraffe.wav in Resources */,
				89BA4A5A2959CFD20082D38A /* onion.wav in Resources */,
				89A03FE62950671900E5914C /* monkey.mp3 in Resources */,
			);
			runOnlyForDeploymentPostprocessing = 0;
		};
		89C192242947254A0092A233 /* Resources */ = {
			isa = PBXResourcesBuildPhase;
			buildActionMask = 2147483647;
			files = (
			);
			runOnlyForDeploymentPostprocessing = 0;
		};
		89C1922E2947254A0092A233 /* Resources */ = {
			isa = PBXResourcesBuildPhase;
			buildActionMask = 2147483647;
			files = (
			);
			runOnlyForDeploymentPostprocessing = 0;
		};
/* End PBXResourcesBuildPhase section */

/* Begin PBXSourcesBuildPhase section */
		89C1920C294725480092A233 /* Sources */ = {
			isa = PBXSourcesBuildPhase;
			buildActionMask = 2147483647;
			files = (
				899A4760295231CC0017CC7E /* StartViewController.swift in Sources */,
				898EFFA6294D99F900BCEF4A /* appOperations.swift in Sources */,
				89C19218294725480092A233 /* Level2ViewController.swift in Sources */,
				89C19214294725480092A233 /* AppDelegate.swift in Sources */,
				89D4F7832954DD2C005D846D /* Level1ViewController.swift in Sources */,
				8951F475295731DC00420422 /* Level3ViewController.swift in Sources */,
				89BA4A622959F5110082D38A /* SubclassedTapGestureRecognizer.swift in Sources */,
				89C19216294725480092A233 /* SceneDelegate.swift in Sources */,
				8983D995294A14CD00FFAE1D /* appConstants.swift in Sources */,
			);
			runOnlyForDeploymentPostprocessing = 0;
		};
		89C192222947254A0092A233 /* Sources */ = {
			isa = PBXSourcesBuildPhase;
			buildActionMask = 2147483647;
			files = (
				89C1922B2947254A0092A233 /* AbcTests.swift in Sources */,
			);
			runOnlyForDeploymentPostprocessing = 0;
		};
		89C1922C2947254A0092A233 /* Sources */ = {
			isa = PBXSourcesBuildPhase;
			buildActionMask = 2147483647;
			files = (
				89C192352947254A0092A233 /* AbcUITests.swift in Sources */,
				89C192372947254A0092A233 /* AbcUITestsLaunchTests.swift in Sources */,
			);
			runOnlyForDeploymentPostprocessing = 0;
		};
/* End PBXSourcesBuildPhase section */

/* Begin PBXTargetDependency section */
		89C192282947254A0092A233 /* PBXTargetDependency */ = {
			isa = PBXTargetDependency;
			target = 89C1920F294725480092A233 /* Abc */;
			targetProxy = 89C192272947254A0092A233 /* PBXContainerItemProxy */;
		};
		89C192322947254A0092A233 /* PBXTargetDependency */ = {
			isa = PBXTargetDependency;
			target = 89C1920F294725480092A233 /* Abc */;
			targetProxy = 89C192312947254A0092A233 /* PBXContainerItemProxy */;
		};
/* End PBXTargetDependency section */

/* Begin PBXVariantGroup section */
		89C19219294725480092A233 /* Main.storyboard */ = {
			isa = PBXVariantGroup;
			children = (
				89C1921A294725480092A233 /* Base */,
				89CD7160294987D700D52ED8 /* en */,
			);
			name = Main.storyboard;
			sourceTree = "<group>";
		};
		89C1921E2947254A0092A233 /* LaunchScreen.storyboard */ = {
			isa = PBXVariantGroup;
			children = (
				89C1921F2947254A0092A233 /* Base */,
			);
			name = LaunchScreen.storyboard;
			sourceTree = "<group>";
		};
/* End PBXVariantGroup section */

/* Begin XCBuildConfiguration section */
		89C192382947254A0092A233 /* Debug */ = {
			isa = XCBuildConfiguration;
			buildSettings = {
				ALWAYS_SEARCH_USER_PATHS = NO;
				CLANG_ANALYZER_NONNULL = YES;
				CLANG_ANALYZER_NUMBER_OBJECT_CONVERSION = YES_AGGRESSIVE;
				CLANG_CXX_LANGUAGE_STANDARD = "gnu++20";
				CLANG_ENABLE_MODULES = YES;
				CLANG_ENABLE_OBJC_ARC = YES;
				CLANG_ENABLE_OBJC_WEAK = YES;
				CLANG_WARN_BLOCK_CAPTURE_AUTORELEASING = YES;
				CLANG_WARN_BOOL_CONVERSION = YES;
				CLANG_WARN_COMMA = YES;
				CLANG_WARN_CONSTANT_CONVERSION = YES;
				CLANG_WARN_DEPRECATED_OBJC_IMPLEMENTATIONS = YES;
				CLANG_WARN_DIRECT_OBJC_ISA_USAGE = YES_ERROR;
				CLANG_WARN_DOCUMENTATION_COMMENTS = YES;
				CLANG_WARN_EMPTY_BODY = YES;
				CLANG_WARN_ENUM_CONVERSION = YES;
				CLANG_WARN_INFINITE_RECURSION = YES;
				CLANG_WARN_INT_CONVERSION = YES;
				CLANG_WARN_NON_LITERAL_NULL_CONVERSION = YES;
				CLANG_WARN_OBJC_IMPLICIT_RETAIN_SELF = YES;
				CLANG_WARN_OBJC_LITERAL_CONVERSION = YES;
				CLANG_WARN_OBJC_ROOT_CLASS = YES_ERROR;
				CLANG_WARN_QUOTED_INCLUDE_IN_FRAMEWORK_HEADER = YES;
				CLANG_WARN_RANGE_LOOP_ANALYSIS = YES;
				CLANG_WARN_STRICT_PROTOTYPES = YES;
				CLANG_WARN_SUSPICIOUS_MOVE = YES;
				CLANG_WARN_UNGUARDED_AVAILABILITY = YES_AGGRESSIVE;
				CLANG_WARN_UNREACHABLE_CODE = YES;
				CLANG_WARN__DUPLICATE_METHOD_MATCH = YES;
				COPY_PHASE_STRIP = NO;
				DEBUG_INFORMATION_FORMAT = dwarf;
				ENABLE_STRICT_OBJC_MSGSEND = YES;
				ENABLE_TESTABILITY = YES;
				GCC_C_LANGUAGE_STANDARD = gnu11;
				GCC_DYNAMIC_NO_PIC = NO;
				GCC_NO_COMMON_BLOCKS = YES;
				GCC_OPTIMIZATION_LEVEL = 0;
				GCC_PREPROCESSOR_DEFINITIONS = (
					"DEBUG=1",
					"$(inherited)",
				);
				GCC_WARN_64_TO_32_BIT_CONVERSION = YES;
				GCC_WARN_ABOUT_RETURN_TYPE = YES_ERROR;
				GCC_WARN_UNDECLARED_SELECTOR = YES;
				GCC_WARN_UNINITIALIZED_AUTOS = YES_AGGRESSIVE;
				GCC_WARN_UNUSED_FUNCTION = YES;
				GCC_WARN_UNUSED_VARIABLE = YES;
				IPHONEOS_DEPLOYMENT_TARGET = 14.0;
				MTL_ENABLE_DEBUG_INFO = INCLUDE_SOURCE;
				MTL_FAST_MATH = YES;
				ONLY_ACTIVE_ARCH = YES;
				SDKROOT = iphoneos;
				SWIFT_ACTIVE_COMPILATION_CONDITIONS = DEBUG;
				SWIFT_OPTIMIZATION_LEVEL = "-Onone";
			};
			name = Debug;
		};
		89C192392947254A0092A233 /* Release */ = {
			isa = XCBuildConfiguration;
			buildSettings = {
				ALWAYS_SEARCH_USER_PATHS = NO;
				CLANG_ANALYZER_NONNULL = YES;
				CLANG_ANALYZER_NUMBER_OBJECT_CONVERSION = YES_AGGRESSIVE;
				CLANG_CXX_LANGUAGE_STANDARD = "gnu++20";
				CLANG_ENABLE_MODULES = YES;
				CLANG_ENABLE_OBJC_ARC = YES;
				CLANG_ENABLE_OBJC_WEAK = YES;
				CLANG_WARN_BLOCK_CAPTURE_AUTORELEASING = YES;
				CLANG_WARN_BOOL_CONVERSION = YES;
				CLANG_WARN_COMMA = YES;
				CLANG_WARN_CONSTANT_CONVERSION = YES;
				CLANG_WARN_DEPRECATED_OBJC_IMPLEMENTATIONS = YES;
				CLANG_WARN_DIRECT_OBJC_ISA_USAGE = YES_ERROR;
				CLANG_WARN_DOCUMENTATION_COMMENTS = YES;
				CLANG_WARN_EMPTY_BODY = YES;
				CLANG_WARN_ENUM_CONVERSION = YES;
				CLANG_WARN_INFINITE_RECURSION = YES;
				CLANG_WARN_INT_CONVERSION = YES;
				CLANG_WARN_NON_LITERAL_NULL_CONVERSION = YES;
				CLANG_WARN_OBJC_IMPLICIT_RETAIN_SELF = YES;
				CLANG_WARN_OBJC_LITERAL_CONVERSION = YES;
				CLANG_WARN_OBJC_ROOT_CLASS = YES_ERROR;
				CLANG_WARN_QUOTED_INCLUDE_IN_FRAMEWORK_HEADER = YES;
				CLANG_WARN_RANGE_LOOP_ANALYSIS = YES;
				CLANG_WARN_STRICT_PROTOTYPES = YES;
				CLANG_WARN_SUSPICIOUS_MOVE = YES;
				CLANG_WARN_UNGUARDED_AVAILABILITY = YES_AGGRESSIVE;
				CLANG_WARN_UNREACHABLE_CODE = YES;
				CLANG_WARN__DUPLICATE_METHOD_MATCH = YES;
				COPY_PHASE_STRIP = NO;
				DEBUG_INFORMATION_FORMAT = "dwarf-with-dsym";
				ENABLE_NS_ASSERTIONS = NO;
				ENABLE_STRICT_OBJC_MSGSEND = YES;
				GCC_C_LANGUAGE_STANDARD = gnu11;
				GCC_NO_COMMON_BLOCKS = YES;
				GCC_WARN_64_TO_32_BIT_CONVERSION = YES;
				GCC_WARN_ABOUT_RETURN_TYPE = YES_ERROR;
				GCC_WARN_UNDECLARED_SELECTOR = YES;
				GCC_WARN_UNINITIALIZED_AUTOS = YES_AGGRESSIVE;
				GCC_WARN_UNUSED_FUNCTION = YES;
				GCC_WARN_UNUSED_VARIABLE = YES;
				IPHONEOS_DEPLOYMENT_TARGET = 14.0;
				MTL_ENABLE_DEBUG_INFO = NO;
				MTL_FAST_MATH = YES;
				SDKROOT = iphoneos;
				SWIFT_COMPILATION_MODE = wholemodule;
				SWIFT_OPTIMIZATION_LEVEL = "-O";
				VALIDATE_PRODUCT = YES;
			};
			name = Release;
		};
		89C1923B2947254A0092A233 /* Debug */ = {
			isa = XCBuildConfiguration;
			buildSettings = {
				ASSETCATALOG_COMPILER_APPICON_NAME = AppIcon;
				ASSETCATALOG_COMPILER_GLOBAL_ACCENT_COLOR_NAME = AccentColor;
				CODE_SIGN_STYLE = Automatic;
				CURRENT_PROJECT_VERSION = 2;
				DEVELOPMENT_TEAM = FMTQ7WAFS9;
				GENERATE_INFOPLIST_FILE = YES;
				INFOPLIST_FILE = Abc/Info.plist;
				INFOPLIST_KEY_CFBundleDisplayName = "ABC by Abba";
				INFOPLIST_KEY_LSApplicationCategoryType = "public.app-category.education";
				INFOPLIST_KEY_UIApplicationSupportsIndirectInputEvents = YES;
				INFOPLIST_KEY_UILaunchStoryboardName = LaunchScreen.storyboard;
				INFOPLIST_KEY_UIMainStoryboardFile = Main;
				INFOPLIST_KEY_UIRequiresFullScreen = YES;
				INFOPLIST_KEY_UIStatusBarStyle = "";
				INFOPLIST_KEY_UISupportedInterfaceOrientations = "UIInterfaceOrientationPortrait UIInterfaceOrientationPortraitUpsideDown";
				IPHONEOS_DEPLOYMENT_TARGET = 14.0;
				LD_RUNPATH_SEARCH_PATHS = (
					"$(inherited)",
					"@executable_path/Frameworks",
				);
				MARKETING_VERSION = 1.3;
				PRODUCT_BUNDLE_IDENTIFIER = com.roosnam.Abc;
				PRODUCT_NAME = "$(TARGET_NAME)";
				SWIFT_EMIT_LOC_STRINGS = YES;
				SWIFT_VERSION = 5.0;
				TARGETED_DEVICE_FAMILY = "1,2";
			};
			name = Debug;
		};
		89C1923C2947254A0092A233 /* Release */ = {
			isa = XCBuildConfiguration;
			buildSettings = {
				ASSETCATALOG_COMPILER_APPICON_NAME = AppIcon;
				ASSETCATALOG_COMPILER_GLOBAL_ACCENT_COLOR_NAME = AccentColor;
				CODE_SIGN_STYLE = Automatic;
				CURRENT_PROJECT_VERSION = 2;
				DEVELOPMENT_TEAM = FMTQ7WAFS9;
				GENERATE_INFOPLIST_FILE = YES;
				INFOPLIST_FILE = Abc/Info.plist;
				INFOPLIST_KEY_CFBundleDisplayName = "ABC by Abba";
				INFOPLIST_KEY_LSApplicationCategoryType = "public.app-category.education";
				INFOPLIST_KEY_UIApplicationSupportsIndirectInputEvents = YES;
				INFOPLIST_KEY_UILaunchStoryboardName = LaunchScreen.storyboard;
				INFOPLIST_KEY_UIMainStoryboardFile = Main;
				INFOPLIST_KEY_UIRequiresFullScreen = YES;
				INFOPLIST_KEY_UIStatusBarStyle = "";
				INFOPLIST_KEY_UISupportedInterfaceOrientations = "UIInterfaceOrientationPortrait UIInterfaceOrientationPortraitUpsideDown";
				IPHONEOS_DEPLOYMENT_TARGET = 14.0;
				LD_RUNPATH_SEARCH_PATHS = (
					"$(inherited)",
					"@executable_path/Frameworks",
				);
				MARKETING_VERSION = 1.3;
				PRODUCT_BUNDLE_IDENTIFIER = com.roosnam.Abc;
				PRODUCT_NAME = "$(TARGET_NAME)";
				SWIFT_EMIT_LOC_STRINGS = YES;
				SWIFT_VERSION = 5.0;
				TARGETED_DEVICE_FAMILY = "1,2";
			};
			name = Release;
		};
		89C1923E2947254A0092A233 /* Debug */ = {
			isa = XCBuildConfiguration;
			buildSettings = {
				ALWAYS_EMBED_SWIFT_STANDARD_LIBRARIES = YES;
				BUNDLE_LOADER = "$(TEST_HOST)";
				CODE_SIGN_STYLE = Automatic;
				CURRENT_PROJECT_VERSION = 1;
				DEVELOPMENT_TEAM = FMTQ7WAFS9;
				GENERATE_INFOPLIST_FILE = YES;
				IPHONEOS_DEPLOYMENT_TARGET = 16.1;
				MARKETING_VERSION = 1.0;
				PRODUCT_BUNDLE_IDENTIFIER = com.example.apple.AbcTests;
				PRODUCT_NAME = "$(TARGET_NAME)";
				SWIFT_EMIT_LOC_STRINGS = NO;
				SWIFT_VERSION = 5.0;
				TARGETED_DEVICE_FAMILY = "1,2";
				TEST_HOST = "$(BUILT_PRODUCTS_DIR)/Abc.app/$(BUNDLE_EXECUTABLE_FOLDER_PATH)/Abc";
			};
			name = Debug;
		};
		89C1923F2947254A0092A233 /* Release */ = {
			isa = XCBuildConfiguration;
			buildSettings = {
				ALWAYS_EMBED_SWIFT_STANDARD_LIBRARIES = YES;
				BUNDLE_LOADER = "$(TEST_HOST)";
				CODE_SIGN_STYLE = Automatic;
				CURRENT_PROJECT_VERSION = 1;
				DEVELOPMENT_TEAM = FMTQ7WAFS9;
				GENERATE_INFOPLIST_FILE = YES;
				IPHONEOS_DEPLOYMENT_TARGET = 16.1;
				MARKETING_VERSION = 1.0;
				PRODUCT_BUNDLE_IDENTIFIER = com.example.apple.AbcTests;
				PRODUCT_NAME = "$(TARGET_NAME)";
				SWIFT_EMIT_LOC_STRINGS = NO;
				SWIFT_VERSION = 5.0;
				TARGETED_DEVICE_FAMILY = "1,2";
				TEST_HOST = "$(BUILT_PRODUCTS_DIR)/Abc.app/$(BUNDLE_EXECUTABLE_FOLDER_PATH)/Abc";
			};
			name = Release;
		};
		89C192412947254A0092A233 /* Debug */ = {
			isa = XCBuildConfiguration;
			buildSettings = {
				ALWAYS_EMBED_SWIFT_STANDARD_LIBRARIES = YES;
				CODE_SIGN_STYLE = Automatic;
				CURRENT_PROJECT_VERSION = 1;
				DEVELOPMENT_TEAM = FMTQ7WAFS9;
				GENERATE_INFOPLIST_FILE = YES;
				MARKETING_VERSION = 1.0;
				PRODUCT_BUNDLE_IDENTIFIER = com.example.apple.AbcUITests;
				PRODUCT_NAME = "$(TARGET_NAME)";
				SWIFT_EMIT_LOC_STRINGS = NO;
				SWIFT_VERSION = 5.0;
				TARGETED_DEVICE_FAMILY = "1,2";
				TEST_TARGET_NAME = Abc;
			};
			name = Debug;
		};
		89C192422947254A0092A233 /* Release */ = {
			isa = XCBuildConfiguration;
			buildSettings = {
				ALWAYS_EMBED_SWIFT_STANDARD_LIBRARIES = YES;
				CODE_SIGN_STYLE = Automatic;
				CURRENT_PROJECT_VERSION = 1;
				DEVELOPMENT_TEAM = FMTQ7WAFS9;
				GENERATE_INFOPLIST_FILE = YES;
				MARKETING_VERSION = 1.0;
				PRODUCT_BUNDLE_IDENTIFIER = com.example.apple.AbcUITests;
				PRODUCT_NAME = "$(TARGET_NAME)";
				SWIFT_EMIT_LOC_STRINGS = NO;
				SWIFT_VERSION = 5.0;
				TARGETED_DEVICE_FAMILY = "1,2";
				TEST_TARGET_NAME = Abc;
			};
			name = Release;
		};
/* End XCBuildConfiguration section */

/* Begin XCConfigurationList section */
		89C1920B294725480092A233 /* Build configuration list for PBXProject "Abc" */ = {
			isa = XCConfigurationList;
			buildConfigurations = (
				89C192382947254A0092A233 /* Debug */,
				89C192392947254A0092A233 /* Release */,
			);
			defaultConfigurationIsVisible = 0;
			defaultConfigurationName = Release;
		};
		89C1923A2947254A0092A233 /* Build configuration list for PBXNativeTarget "Abc" */ = {
			isa = XCConfigurationList;
			buildConfigurations = (
				89C1923B2947254A0092A233 /* Debug */,
				89C1923C2947254A0092A233 /* Release */,
			);
			defaultConfigurationIsVisible = 0;
			defaultConfigurationName = Release;
		};
		89C1923D2947254A0092A233 /* Build configuration list for PBXNativeTarget "AbcTests" */ = {
			isa = XCConfigurationList;
			buildConfigurations = (
				89C1923E2947254A0092A233 /* Debug */,
				89C1923F2947254A0092A233 /* Release */,
			);
			defaultConfigurationIsVisible = 0;
			defaultConfigurationName = Release;
		};
		89C192402947254A0092A233 /* Build configuration list for PBXNativeTarget "AbcUITests" */ = {
			isa = XCConfigurationList;
			buildConfigurations = (
				89C192412947254A0092A233 /* Debug */,
				89C192422947254A0092A233 /* Release */,
			);
			defaultConfigurationIsVisible = 0;
			defaultConfigurationName = Release;
		};
/* End XCConfigurationList section */
	};
	rootObject = 89C19208294725480092A233 /* Project object */;
}
